{
  "object": {
    "pins": [
      {
        "package": "Alamofire",
        "repositoryURL": "https://github.com/Alamofire/Alamofire.git",
        "state": {
          "branch": null,
          "revision": "11928850d7273a8cd41bb766f2fc93b4d724b79b",
          "version": "5.0.4"
        }
      },
      {
        "package": "SKRools",
        "repositoryURL": "https://github.com/cardona/SKRools.git",
        "state": {
          "branch": "develop",
          "revision": "9c4700612d118b58d58b47423ee600e1b5e43d10",
          "version": null
        }
      }
    ]
  },
  "version": 1
}
