// !$*UTF8*$!
{
	archiveVersion = 1;
	classes = {
	};
	objectVersion = 52;
	objects = {

/* Begin PBXBuildFile section */
		5512D0012404866F002546F1 /* SKRools in Frameworks */ = {isa = PBXBuildFile; productRef = 5512D0002404866F002546F1 /* SKRools */; };
		5517D81E2402F34100053260 /* AppDelegate.swift in Sources */ = {isa = PBXBuildFile; fileRef = 5517D81D2402F34100053260 /* AppDelegate.swift */; };
		5517D8272402F34300053260 /* Assets.xcassets in Resources */ = {isa = PBXBuildFile; fileRef = 5517D8262402F34300053260 /* Assets.xcassets */; };
		5517D82A2402F34300053260 /* LaunchScreen.storyboard in Resources */ = {isa = PBXBuildFile; fileRef = 5517D8282402F34300053260 /* LaunchScreen.storyboard */; };
		5517D8352402F34400053260 /* MVVMTests.swift in Sources */ = {isa = PBXBuildFile; fileRef = 5517D8342402F34400053260 /* MVVMTests.swift */; };
		555301A3240AACE200CF6297 /* DIMainListContainer.swift in Sources */ = {isa = PBXBuildFile; fileRef = 555301A2240AACE200CF6297 /* DIMainListContainer.swift */; };
		555301A5240AB09900CF6297 /* MainListCoordinator.swift in Sources */ = {isa = PBXBuildFile; fileRef = 555301A4240AB09900CF6297 /* MainListCoordinator.swift */; };
		559C3A9E240A6979006DB5B5 /* RetrieveMainListUseCase.swift in Sources */ = {isa = PBXBuildFile; fileRef = 559C3A9D240A6979006DB5B5 /* RetrieveMainListUseCase.swift */; };
		559C3AA0240A69AF006DB5B5 /* MainListEntity.swift in Sources */ = {isa = PBXBuildFile; fileRef = 559C3A9F240A69AF006DB5B5 /* MainListEntity.swift */; };
		559C3AA2240A69CF006DB5B5 /* MainRepositoryProtocol.swift in Sources */ = {isa = PBXBuildFile; fileRef = 559C3AA1240A69CF006DB5B5 /* MainRepositoryProtocol.swift */; };
		559C3AA4240A69F6006DB5B5 /* MainList+Decodable.swift in Sources */ = {isa = PBXBuildFile; fileRef = 559C3AA3240A69F6006DB5B5 /* MainList+Decodable.swift */; };
		559C3AA6240A6A07006DB5B5 /* MainRepository.swift in Sources */ = {isa = PBXBuildFile; fileRef = 559C3AA5240A6A07006DB5B5 /* MainRepository.swift */; };
		559C3AA9240A6B09006DB5B5 /* MainLocalData.json in Resources */ = {isa = PBXBuildFile; fileRef = 559C3AA8240A6AFF006DB5B5 /* MainLocalData.json */; };
		559C3AAE240A787F006DB5B5 /* MainListModel.swift in Sources */ = {isa = PBXBuildFile; fileRef = 559C3AAD240A787F006DB5B5 /* MainListModel.swift */; };
		559C3AB0240A788E006DB5B5 /* MainListViewModel.swift in Sources */ = {isa = PBXBuildFile; fileRef = 559C3AAF240A788E006DB5B5 /* MainListViewModel.swift */; };
		559C3AB2240A8531006DB5B5 /* MainListStoryboard.storyboard in Resources */ = {isa = PBXBuildFile; fileRef = 559C3AB1240A8531006DB5B5 /* MainListStoryboard.storyboard */; };
		559C3AB4240A857C006DB5B5 /* MainListViewController.swift in Sources */ = {isa = PBXBuildFile; fileRef = 559C3AB3240A857C006DB5B5 /* MainListViewController.swift */; };
		55BFD5E1240324B700D9235A /* RetrieveForcesListUseCase.swift in Sources */ = {isa = PBXBuildFile; fileRef = 55BFD5B4240324B600D9235A /* RetrieveForcesListUseCase.swift */; };
		55BFD5E2240324B700D9235A /* RetrieveForcesDetailUseCase.swift in Sources */ = {isa = PBXBuildFile; fileRef = 55BFD5B5240324B600D9235A /* RetrieveForcesDetailUseCase.swift */; };
		55BFD5E3240324B700D9235A /* ForcesDetailEngagementEntity.swift in Sources */ = {isa = PBXBuildFile; fileRef = 55BFD5B7240324B600D9235A /* ForcesDetailEngagementEntity.swift */; };
		55BFD5E4240324B700D9235A /* ForcesDetailEntity.swift in Sources */ = {isa = PBXBuildFile; fileRef = 55BFD5B8240324B600D9235A /* ForcesDetailEntity.swift */; };
		55BFD5E5240324B700D9235A /* ForcesEntity.swift in Sources */ = {isa = PBXBuildFile; fileRef = 55BFD5B9240324B600D9235A /* ForcesEntity.swift */; };
		55BFD5E6240324B700D9235A /* ForcesRepositoryProtocol.swift in Sources */ = {isa = PBXBuildFile; fileRef = 55BFD5BB240324B700D9235A /* ForcesRepositoryProtocol.swift */; };
		55BFD5E7240324B700D9235A /* ForcesDetailViewModel.swift in Sources */ = {isa = PBXBuildFile; fileRef = 55BFD5BF240324B700D9235A /* ForcesDetailViewModel.swift */; };
		55BFD5E8240324B700D9235A /* ForcesDetailModel.swift in Sources */ = {isa = PBXBuildFile; fileRef = 55BFD5C1240324B700D9235A /* ForcesDetailModel.swift */; };
		55BFD5E9240324B700D9235A /* ForcesDetailEngagementModel.swift in Sources */ = {isa = PBXBuildFile; fileRef = 55BFD5C2240324B700D9235A /* ForcesDetailEngagementModel.swift */; };
		55BFD5EA240324B700D9235A /* ForcesDetailViewController.swift in Sources */ = {isa = PBXBuildFile; fileRef = 55BFD5C4240324B700D9235A /* ForcesDetailViewController.swift */; };
		55BFD5EC240324B700D9235A /* ForcesListViewModel.swift in Sources */ = {isa = PBXBuildFile; fileRef = 55BFD5C8240324B700D9235A /* ForcesListViewModel.swift */; };
		55BFD5ED240324B700D9235A /* ForcesListModel.swift in Sources */ = {isa = PBXBuildFile; fileRef = 55BFD5CA240324B700D9235A /* ForcesListModel.swift */; };
		55BFD5EE240324B700D9235A /* ForcesListTableViewCell.swift in Sources */ = {isa = PBXBuildFile; fileRef = 55BFD5CD240324B700D9235A /* ForcesListTableViewCell.swift */; };
		55BFD5F0240324B700D9235A /* ForcesListViewController.swift in Sources */ = {isa = PBXBuildFile; fileRef = 55BFD5CF240324B700D9235A /* ForcesListViewController.swift */; };
		55BFD5F2240324B700D9235A /* ForcesDetail+Decodable.swift in Sources */ = {isa = PBXBuildFile; fileRef = 55BFD5D4240324B700D9235A /* ForcesDetail+Decodable.swift */; };
		55BFD5F3240324B700D9235A /* ForcesDetailEngagementEntity+Decodable.swift in Sources */ = {isa = PBXBuildFile; fileRef = 55BFD5D5240324B700D9235A /* ForcesDetailEngagementEntity+Decodable.swift */; };
		55BFD5F4240324B700D9235A /* ForcesList+Decodable.swift in Sources */ = {isa = PBXBuildFile; fileRef = 55BFD5D6240324B700D9235A /* ForcesList+Decodable.swift */; };
		55BFD5F5240324B700D9235A /* ForcesRepository.swift in Sources */ = {isa = PBXBuildFile; fileRef = 55BFD5D8240324B700D9235A /* ForcesRepository.swift */; };
		55BFD5F6240324B700D9235A /* Constants.swift in Sources */ = {isa = PBXBuildFile; fileRef = 55BFD5DA240324B700D9235A /* Constants.swift */; };
		55BFD5F7240324B700D9235A /* ForcesCoordinator.swift in Sources */ = {isa = PBXBuildFile; fileRef = 55BFD5DC240324B700D9235A /* ForcesCoordinator.swift */; };
		55BFD5F8240324B700D9235A /* APIEndpoints.swift in Sources */ = {isa = PBXBuildFile; fileRef = 55BFD5DD240324B700D9235A /* APIEndpoints.swift */; };
		55BFD5F9240324B700D9235A /* DIForcesContainer.swift in Sources */ = {isa = PBXBuildFile; fileRef = 55BFD5DF240324B700D9235A /* DIForcesContainer.swift */; };
		55BFD5FA240324B700D9235A /* DIAppContainer.swift in Sources */ = {isa = PBXBuildFile; fileRef = 55BFD5E0240324B700D9235A /* DIAppContainer.swift */; };
		55BFD62624041B8700D9235A /* Main.storyboard in Resources */ = {isa = PBXBuildFile; fileRef = 55BFD5D0240324B700D9235A /* Main.storyboard */; };
		55BFD62724041B9200D9235A /* ForcesListTableViewCell.xib in Resources */ = {isa = PBXBuildFile; fileRef = 55BFD5CE240324B700D9235A /* ForcesListTableViewCell.xib */; };
		55BFD62824041BC300D9235A /* ForcesDetailStoryboard.storyboard in Resources */ = {isa = PBXBuildFile; fileRef = 55BFD5C5240324B700D9235A /* ForcesDetailStoryboard.storyboard */; };
/* End PBXBuildFile section */

/* Begin PBXContainerItemProxy section */
		5517D8312402F34400053260 /* PBXContainerItemProxy */ = {
			isa = PBXContainerItemProxy;
			containerPortal = 5517D8122402F34100053260 /* Project object */;
			proxyType = 1;
			remoteGlobalIDString = 5517D8192402F34100053260;
			remoteInfo = MVVM;
		};
/* End PBXContainerItemProxy section */

/* Begin PBXFileReference section */
		5517D81A2402F34100053260 /* MVVM.app */ = {isa = PBXFileReference; explicitFileType = wrapper.application; includeInIndex = 0; path = MVVM.app; sourceTree = BUILT_PRODUCTS_DIR; };
		5517D81D2402F34100053260 /* AppDelegate.swift */ = {isa = PBXFileReference; lastKnownFileType = sourcecode.swift; path = AppDelegate.swift; sourceTree = "<group>"; };
		5517D8262402F34300053260 /* Assets.xcassets */ = {isa = PBXFileReference; lastKnownFileType = folder.assetcatalog; path = Assets.xcassets; sourceTree = "<group>"; };
		5517D8292402F34300053260 /* Base */ = {isa = PBXFileReference; lastKnownFileType = file.storyboard; name = Base; path = Base.lproj/LaunchScreen.storyboard; sourceTree = "<group>"; };
		5517D82B2402F34300053260 /* Info.plist */ = {isa = PBXFileReference; lastKnownFileType = text.plist.xml; path = Info.plist; sourceTree = "<group>"; };
		5517D8302402F34400053260 /* MVVMTests.xctest */ = {isa = PBXFileReference; explicitFileType = wrapper.cfbundle; includeInIndex = 0; path = MVVMTests.xctest; sourceTree = BUILT_PRODUCTS_DIR; };
		5517D8342402F34400053260 /* MVVMTests.swift */ = {isa = PBXFileReference; lastKnownFileType = sourcecode.swift; path = MVVMTests.swift; sourceTree = "<group>"; };
		5517D8362402F34400053260 /* Info.plist */ = {isa = PBXFileReference; lastKnownFileType = text.plist.xml; path = Info.plist; sourceTree = "<group>"; };
		555301A2240AACE200CF6297 /* DIMainListContainer.swift */ = {isa = PBXFileReference; lastKnownFileType = sourcecode.swift; path = DIMainListContainer.swift; sourceTree = "<group>"; };
		555301A4240AB09900CF6297 /* MainListCoordinator.swift */ = {isa = PBXFileReference; lastKnownFileType = sourcecode.swift; path = MainListCoordinator.swift; sourceTree = "<group>"; };
		559C3A9D240A6979006DB5B5 /* RetrieveMainListUseCase.swift */ = {isa = PBXFileReference; lastKnownFileType = sourcecode.swift; path = RetrieveMainListUseCase.swift; sourceTree = "<group>"; };
		559C3A9F240A69AF006DB5B5 /* MainListEntity.swift */ = {isa = PBXFileReference; lastKnownFileType = sourcecode.swift; path = MainListEntity.swift; sourceTree = "<group>"; };
		559C3AA1240A69CF006DB5B5 /* MainRepositoryProtocol.swift */ = {isa = PBXFileReference; lastKnownFileType = sourcecode.swift; path = MainRepositoryProtocol.swift; sourceTree = "<group>"; };
		559C3AA3240A69F6006DB5B5 /* MainList+Decodable.swift */ = {isa = PBXFileReference; lastKnownFileType = sourcecode.swift; path = "MainList+Decodable.swift"; sourceTree = "<group>"; };
		559C3AA5240A6A07006DB5B5 /* MainRepository.swift */ = {isa = PBXFileReference; lastKnownFileType = sourcecode.swift; path = MainRepository.swift; sourceTree = "<group>"; };
		559C3AA8240A6AFF006DB5B5 /* MainLocalData.json */ = {isa = PBXFileReference; lastKnownFileType = text.json; path = MainLocalData.json; sourceTree = "<group>"; };
		559C3AAD240A787F006DB5B5 /* MainListModel.swift */ = {isa = PBXFileReference; lastKnownFileType = sourcecode.swift; path = MainListModel.swift; sourceTree = "<group>"; };
		559C3AAF240A788E006DB5B5 /* MainListViewModel.swift */ = {isa = PBXFileReference; lastKnownFileType = sourcecode.swift; path = MainListViewModel.swift; sourceTree = "<group>"; };
		559C3AB1240A8531006DB5B5 /* MainListStoryboard.storyboard */ = {isa = PBXFileReference; lastKnownFileType = file.storyboard; path = MainListStoryboard.storyboard; sourceTree = "<group>"; };
		559C3AB3240A857C006DB5B5 /* MainListViewController.swift */ = {isa = PBXFileReference; lastKnownFileType = sourcecode.swift; path = MainListViewController.swift; sourceTree = "<group>"; };
		55BFD5B4240324B600D9235A /* RetrieveForcesListUseCase.swift */ = {isa = PBXFileReference; fileEncoding = 4; lastKnownFileType = sourcecode.swift; path = RetrieveForcesListUseCase.swift; sourceTree = "<group>"; };
		55BFD5B5240324B600D9235A /* RetrieveForcesDetailUseCase.swift */ = {isa = PBXFileReference; fileEncoding = 4; lastKnownFileType = sourcecode.swift; path = RetrieveForcesDetailUseCase.swift; sourceTree = "<group>"; };
		55BFD5B7240324B600D9235A /* ForcesDetailEngagementEntity.swift */ = {isa = PBXFileReference; fileEncoding = 4; lastKnownFileType = sourcecode.swift; path = ForcesDetailEngagementEntity.swift; sourceTree = "<group>"; };
		55BFD5B8240324B600D9235A /* ForcesDetailEntity.swift */ = {isa = PBXFileReference; fileEncoding = 4; lastKnownFileType = sourcecode.swift; path = ForcesDetailEntity.swift; sourceTree = "<group>"; };
		55BFD5B9240324B600D9235A /* ForcesEntity.swift */ = {isa = PBXFileReference; fileEncoding = 4; lastKnownFileType = sourcecode.swift; path = ForcesEntity.swift; sourceTree = "<group>"; };
		55BFD5BB240324B700D9235A /* ForcesRepositoryProtocol.swift */ = {isa = PBXFileReference; fileEncoding = 4; lastKnownFileType = sourcecode.swift; path = ForcesRepositoryProtocol.swift; sourceTree = "<group>"; };
		55BFD5BF240324B700D9235A /* ForcesDetailViewModel.swift */ = {isa = PBXFileReference; fileEncoding = 4; lastKnownFileType = sourcecode.swift; path = ForcesDetailViewModel.swift; sourceTree = "<group>"; };
		55BFD5C1240324B700D9235A /* ForcesDetailModel.swift */ = {isa = PBXFileReference; fileEncoding = 4; lastKnownFileType = sourcecode.swift; path = ForcesDetailModel.swift; sourceTree = "<group>"; };
		55BFD5C2240324B700D9235A /* ForcesDetailEngagementModel.swift */ = {isa = PBXFileReference; fileEncoding = 4; lastKnownFileType = sourcecode.swift; path = ForcesDetailEngagementModel.swift; sourceTree = "<group>"; };
		55BFD5C4240324B700D9235A /* ForcesDetailViewController.swift */ = {isa = PBXFileReference; fileEncoding = 4; lastKnownFileType = sourcecode.swift; path = ForcesDetailViewController.swift; sourceTree = "<group>"; };
		55BFD5C5240324B700D9235A /* ForcesDetailStoryboard.storyboard */ = {isa = PBXFileReference; fileEncoding = 4; lastKnownFileType = file.storyboard; path = ForcesDetailStoryboard.storyboard; sourceTree = "<group>"; };
		55BFD5C8240324B700D9235A /* ForcesListViewModel.swift */ = {isa = PBXFileReference; fileEncoding = 4; lastKnownFileType = sourcecode.swift; path = ForcesListViewModel.swift; sourceTree = "<group>"; };
		55BFD5CA240324B700D9235A /* ForcesListModel.swift */ = {isa = PBXFileReference; fileEncoding = 4; lastKnownFileType = sourcecode.swift; path = ForcesListModel.swift; sourceTree = "<group>"; };
		55BFD5CD240324B700D9235A /* ForcesListTableViewCell.swift */ = {isa = PBXFileReference; fileEncoding = 4; lastKnownFileType = sourcecode.swift; path = ForcesListTableViewCell.swift; sourceTree = "<group>"; };
		55BFD5CE240324B700D9235A /* ForcesListTableViewCell.xib */ = {isa = PBXFileReference; fileEncoding = 4; lastKnownFileType = file.xib; path = ForcesListTableViewCell.xib; sourceTree = "<group>"; };
		55BFD5CF240324B700D9235A /* ForcesListViewController.swift */ = {isa = PBXFileReference; fileEncoding = 4; lastKnownFileType = sourcecode.swift; path = ForcesListViewController.swift; sourceTree = "<group>"; };
		55BFD5D1240324B700D9235A /* Base */ = {isa = PBXFileReference; lastKnownFileType = file.storyboard; name = Base; path = Base.lproj/Main.storyboard; sourceTree = "<group>"; };
		55BFD5D4240324B700D9235A /* ForcesDetail+Decodable.swift */ = {isa = PBXFileReference; fileEncoding = 4; lastKnownFileType = sourcecode.swift; path = "ForcesDetail+Decodable.swift"; sourceTree = "<group>"; };
		55BFD5D5240324B700D9235A /* ForcesDetailEngagementEntity+Decodable.swift */ = {isa = PBXFileReference; fileEncoding = 4; lastKnownFileType = sourcecode.swift; path = "ForcesDetailEngagementEntity+Decodable.swift"; sourceTree = "<group>"; };
		55BFD5D6240324B700D9235A /* ForcesList+Decodable.swift */ = {isa = PBXFileReference; fileEncoding = 4; lastKnownFileType = sourcecode.swift; path = "ForcesList+Decodable.swift"; sourceTree = "<group>"; };
		55BFD5D8240324B700D9235A /* ForcesRepository.swift */ = {isa = PBXFileReference; fileEncoding = 4; lastKnownFileType = sourcecode.swift; path = ForcesRepository.swift; sourceTree = "<group>"; };
		55BFD5DA240324B700D9235A /* Constants.swift */ = {isa = PBXFileReference; fileEncoding = 4; lastKnownFileType = sourcecode.swift; path = Constants.swift; sourceTree = "<group>"; };
		55BFD5DC240324B700D9235A /* ForcesCoordinator.swift */ = {isa = PBXFileReference; fileEncoding = 4; lastKnownFileType = sourcecode.swift; path = ForcesCoordinator.swift; sourceTree = "<group>"; };
		55BFD5DD240324B700D9235A /* APIEndpoints.swift */ = {isa = PBXFileReference; fileEncoding = 4; lastKnownFileType = sourcecode.swift; path = APIEndpoints.swift; sourceTree = "<group>"; };
		55BFD5DF240324B700D9235A /* DIForcesContainer.swift */ = {isa = PBXFileReference; fileEncoding = 4; lastKnownFileType = sourcecode.swift; path = DIForcesContainer.swift; sourceTree = "<group>"; };
		55BFD5E0240324B700D9235A /* DIAppContainer.swift */ = {isa = PBXFileReference; fileEncoding = 4; lastKnownFileType = sourcecode.swift; path = DIAppContainer.swift; sourceTree = "<group>"; };
/* End PBXFileReference section */

/* Begin PBXFrameworksBuildPhase section */
		5517D8172402F34100053260 /* Frameworks */ = {
			isa = PBXFrameworksBuildPhase;
			buildActionMask = 2147483647;
			files = (
				5512D0012404866F002546F1 /* SKRools in Frameworks */,
			);
			runOnlyForDeploymentPostprocessing = 0;
		};
		5517D82D2402F34400053260 /* Frameworks */ = {
			isa = PBXFrameworksBuildPhase;
			buildActionMask = 2147483647;
			files = (
			);
			runOnlyForDeploymentPostprocessing = 0;
		};
/* End PBXFrameworksBuildPhase section */

/* Begin PBXGroup section */
		5512CFFC24048529002546F1 /* Frameworks */ = {
			isa = PBXGroup;
			children = (
			);
			name = Frameworks;
			sourceTree = "<group>";
		};
		5517D8112402F34100053260 = {
			isa = PBXGroup;
			children = (
				5517D81C2402F34100053260 /* MVVM */,
				5517D8332402F34400053260 /* MVVMTests */,
				5517D81B2402F34100053260 /* Products */,
				5512CFFC24048529002546F1 /* Frameworks */,
			);
			sourceTree = "<group>";
		};
		5517D81B2402F34100053260 /* Products */ = {
			isa = PBXGroup;
			children = (
				5517D81A2402F34100053260 /* MVVM.app */,
				5517D8302402F34400053260 /* MVVMTests.xctest */,
			);
			name = Products;
			sourceTree = "<group>";
		};
		5517D81C2402F34100053260 /* MVVM */ = {
			isa = PBXGroup;
			children = (
				55BFD5D9240324B700D9235A /* Commons */,
				55BFD5D2240324B700D9235A /* Data */,
				55BFD5B2240324B600D9235A /* Domain */,
				55BFD5BC240324B700D9235A /* Presentation */,
				5517D81D2402F34100053260 /* AppDelegate.swift */,
				5517D8262402F34300053260 /* Assets.xcassets */,
				5517D8282402F34300053260 /* LaunchScreen.storyboard */,
				5517D82B2402F34300053260 /* Info.plist */,
			);
			path = MVVM;
			sourceTree = "<group>";
		};
		5517D8332402F34400053260 /* MVVMTests */ = {
			isa = PBXGroup;
			children = (
				5517D8342402F34400053260 /* MVVMTests.swift */,
				5517D8362402F34400053260 /* Info.plist */,
			);
			path = MVVMTests;
			sourceTree = "<group>";
		};
		559C3A9A240A68D6006DB5B5 /* MainView */ = {
			isa = PBXGroup;
			children = (
				559C3AAA240A77DE006DB5B5 /* Model */,
				559C3AAB240A77EC006DB5B5 /* View */,
				559C3AAC240A77F2006DB5B5 /* viewModel */,
			);
			path = MainView;
			sourceTree = "<group>";
		};
		559C3AA7240A6ABD006DB5B5 /* LocalData */ = {
			isa = PBXGroup;
			children = (
				559C3AA8240A6AFF006DB5B5 /* MainLocalData.json */,
			);
			path = LocalData;
			sourceTree = "<group>";
		};
		559C3AAA240A77DE006DB5B5 /* Model */ = {
			isa = PBXGroup;
			children = (
				559C3AAD240A787F006DB5B5 /* MainListModel.swift */,
			);
			path = Model;
			sourceTree = "<group>";
		};
		559C3AAB240A77EC006DB5B5 /* View */ = {
			isa = PBXGroup;
			children = (
				559C3AB1240A8531006DB5B5 /* MainListStoryboard.storyboard */,
				559C3AB3240A857C006DB5B5 /* MainListViewController.swift */,
			);
			path = View;
			sourceTree = "<group>";
		};
		559C3AAC240A77F2006DB5B5 /* viewModel */ = {
			isa = PBXGroup;
			children = (
				559C3AAF240A788E006DB5B5 /* MainListViewModel.swift */,
			);
			path = viewModel;
			sourceTree = "<group>";
		};
		55BFD5B2240324B600D9235A /* Domain */ = {
			isa = PBXGroup;
			children = (
				55BFD5B3240324B600D9235A /* UseCases */,
				55BFD5B6240324B600D9235A /* Entities */,
				55BFD5BA240324B600D9235A /* Interfaces */,
			);
			path = Domain;
			sourceTree = "<group>";
		};
		55BFD5B3240324B600D9235A /* UseCases */ = {
			isa = PBXGroup;
			children = (
				55BFD5B4240324B600D9235A /* RetrieveForcesListUseCase.swift */,
				55BFD5B5240324B600D9235A /* RetrieveForcesDetailUseCase.swift */,
				559C3A9D240A6979006DB5B5 /* RetrieveMainListUseCase.swift */,
			);
			path = UseCases;
			sourceTree = "<group>";
		};
		55BFD5B6240324B600D9235A /* Entities */ = {
			isa = PBXGroup;
			children = (
				55BFD5B7240324B600D9235A /* ForcesDetailEngagementEntity.swift */,
				55BFD5B8240324B600D9235A /* ForcesDetailEntity.swift */,
				55BFD5B9240324B600D9235A /* ForcesEntity.swift */,
				559C3A9F240A69AF006DB5B5 /* MainListEntity.swift */,
			);
			path = Entities;
			sourceTree = "<group>";
		};
		55BFD5BA240324B600D9235A /* Interfaces */ = {
			isa = PBXGroup;
			children = (
				55BFD5BB240324B700D9235A /* ForcesRepositoryProtocol.swift */,
				559C3AA1240A69CF006DB5B5 /* MainRepositoryProtocol.swift */,
			);
			path = Interfaces;
			sourceTree = "<group>";
		};
		55BFD5BC240324B700D9235A /* Presentation */ = {
			isa = PBXGroup;
			children = (
				559C3A9A240A68D6006DB5B5 /* MainView */,
				55BFD5BD240324B700D9235A /* ForcesDetailView */,
				55BFD5C6240324B700D9235A /* ForcesListView */,
			);
			path = Presentation;
			sourceTree = "<group>";
		};
		55BFD5BD240324B700D9235A /* ForcesDetailView */ = {
			isa = PBXGroup;
			children = (
				55BFD5BE240324B700D9235A /* ViewModel */,
				55BFD5C0240324B700D9235A /* Model */,
				55BFD5C3240324B700D9235A /* View */,
			);
			path = ForcesDetailView;
			sourceTree = "<group>";
		};
		55BFD5BE240324B700D9235A /* ViewModel */ = {
			isa = PBXGroup;
			children = (
				55BFD5BF240324B700D9235A /* ForcesDetailViewModel.swift */,
			);
			path = ViewModel;
			sourceTree = "<group>";
		};
		55BFD5C0240324B700D9235A /* Model */ = {
			isa = PBXGroup;
			children = (
				55BFD5C1240324B700D9235A /* ForcesDetailModel.swift */,
				55BFD5C2240324B700D9235A /* ForcesDetailEngagementModel.swift */,
			);
			path = Model;
			sourceTree = "<group>";
		};
		55BFD5C3240324B700D9235A /* View */ = {
			isa = PBXGroup;
			children = (
				55BFD5C4240324B700D9235A /* ForcesDetailViewController.swift */,
				55BFD5C5240324B700D9235A /* ForcesDetailStoryboard.storyboard */,
			);
			path = View;
			sourceTree = "<group>";
		};
		55BFD5C6240324B700D9235A /* ForcesListView */ = {
			isa = PBXGroup;
			children = (
				55BFD5C7240324B700D9235A /* ViewModel */,
				55BFD5C9240324B700D9235A /* Model */,
				55BFD5CB240324B700D9235A /* View */,
			);
			path = ForcesListView;
			sourceTree = "<group>";
		};
		55BFD5C7240324B700D9235A /* ViewModel */ = {
			isa = PBXGroup;
			children = (
				55BFD5C8240324B700D9235A /* ForcesListViewModel.swift */,
			);
			path = ViewModel;
			sourceTree = "<group>";
		};
		55BFD5C9240324B700D9235A /* Model */ = {
			isa = PBXGroup;
			children = (
				55BFD5CA240324B700D9235A /* ForcesListModel.swift */,
			);
			path = Model;
			sourceTree = "<group>";
		};
		55BFD5CB240324B700D9235A /* View */ = {
			isa = PBXGroup;
			children = (
				55BFD5CC240324B700D9235A /* Cells */,
				55BFD5CF240324B700D9235A /* ForcesListViewController.swift */,
				55BFD5D0240324B700D9235A /* Main.storyboard */,
			);
			path = View;
			sourceTree = "<group>";
		};
		55BFD5CC240324B700D9235A /* Cells */ = {
			isa = PBXGroup;
			children = (
				55BFD5CD240324B700D9235A /* ForcesListTableViewCell.swift */,
				55BFD5CE240324B700D9235A /* ForcesListTableViewCell.xib */,
			);
			path = Cells;
			sourceTree = "<group>";
		};
		55BFD5D2240324B700D9235A /* Data */ = {
			isa = PBXGroup;
			children = (
				559C3AA7240A6ABD006DB5B5 /* LocalData */,
				55BFD5D3240324B700D9235A /* Decodables */,
				55BFD5D7240324B700D9235A /* Repositories */,
			);
			path = Data;
			sourceTree = "<group>";
		};
		55BFD5D3240324B700D9235A /* Decodables */ = {
			isa = PBXGroup;
			children = (
				55BFD5D4240324B700D9235A /* ForcesDetail+Decodable.swift */,
				55BFD5D5240324B700D9235A /* ForcesDetailEngagementEntity+Decodable.swift */,
				55BFD5D6240324B700D9235A /* ForcesList+Decodable.swift */,
				559C3AA3240A69F6006DB5B5 /* MainList+Decodable.swift */,
			);
			path = Decodables;
			sourceTree = "<group>";
		};
		55BFD5D7240324B700D9235A /* Repositories */ = {
			isa = PBXGroup;
			children = (
				55BFD5D8240324B700D9235A /* ForcesRepository.swift */,
				559C3AA5240A6A07006DB5B5 /* MainRepository.swift */,
			);
			path = Repositories;
			sourceTree = "<group>";
		};
		55BFD5D9240324B700D9235A /* Commons */ = {
			isa = PBXGroup;
			children = (
				55BFD5DA240324B700D9235A /* Constants.swift */,
				55BFD5DB240324B700D9235A /* Coordinator */,
				55BFD5DD240324B700D9235A /* APIEndpoints.swift */,
				55BFD5DE240324B700D9235A /* Services Locator */,
			);
			path = Commons;
			sourceTree = "<group>";
		};
		55BFD5DB240324B700D9235A /* Coordinator */ = {
			isa = PBXGroup;
			children = (
				55BFD5DC240324B700D9235A /* ForcesCoordinator.swift */,
				555301A4240AB09900CF6297 /* MainListCoordinator.swift */,
			);
			path = Coordinator;
			sourceTree = "<group>";
		};
		55BFD5DE240324B700D9235A /* Services Locator */ = {
			isa = PBXGroup;
			children = (
				55BFD5DF240324B700D9235A /* DIForcesContainer.swift */,
				55BFD5E0240324B700D9235A /* DIAppContainer.swift */,
				555301A2240AACE200CF6297 /* DIMainListContainer.swift */,
			);
			path = "Services Locator";
			sourceTree = "<group>";
		};
/* End PBXGroup section */

/* Begin PBXNativeTarget section */
		5517D8192402F34100053260 /* MVVM */ = {
			isa = PBXNativeTarget;
			buildConfigurationList = 5517D8392402F34400053260 /* Build configuration list for PBXNativeTarget "MVVM" */;
			buildPhases = (
				5517D8162402F34100053260 /* Sources */,
				5517D8172402F34100053260 /* Frameworks */,
				5517D8182402F34100053260 /* Resources */,
			);
			buildRules = (
			);
			dependencies = (
			);
			name = MVVM;
			packageProductDependencies = (
				5512D0002404866F002546F1 /* SKRools */,
			);
			productName = MVVM;
			productReference = 5517D81A2402F34100053260 /* MVVM.app */;
			productType = "com.apple.product-type.application";
		};
		5517D82F2402F34400053260 /* MVVMTests */ = {
			isa = PBXNativeTarget;
			buildConfigurationList = 5517D83C2402F34400053260 /* Build configuration list for PBXNativeTarget "MVVMTests" */;
			buildPhases = (
				5517D82C2402F34400053260 /* Sources */,
				5517D82D2402F34400053260 /* Frameworks */,
				5517D82E2402F34400053260 /* Resources */,
			);
			buildRules = (
			);
			dependencies = (
				5517D8322402F34400053260 /* PBXTargetDependency */,
			);
			name = MVVMTests;
			productName = MVVMTests;
			productReference = 5517D8302402F34400053260 /* MVVMTests.xctest */;
			productType = "com.apple.product-type.bundle.unit-test";
		};
/* End PBXNativeTarget section */

/* Begin PBXProject section */
		5517D8122402F34100053260 /* Project object */ = {
			isa = PBXProject;
			attributes = {
				LastSwiftUpdateCheck = 1130;
				LastUpgradeCheck = 1130;
				ORGANIZATIONNAME = Cardona.tv;
				TargetAttributes = {
					5517D8192402F34100053260 = {
						CreatedOnToolsVersion = 11.3.1;
					};
					5517D82F2402F34400053260 = {
						CreatedOnToolsVersion = 11.3.1;
						TestTargetID = 5517D8192402F34100053260;
					};
				};
			};
			buildConfigurationList = 5517D8152402F34100053260 /* Build configuration list for PBXProject "MVVM" */;
			compatibilityVersion = "Xcode 9.3";
			developmentRegion = en;
			hasScannedForEncodings = 0;
			knownRegions = (
				en,
				Base,
			);
			mainGroup = 5517D8112402F34100053260;
			packageReferences = (
				5512CFFF2404866F002546F1 /* XCRemoteSwiftPackageReference "SKRools" */,
			);
			productRefGroup = 5517D81B2402F34100053260 /* Products */;
			projectDirPath = "";
			projectRoot = "";
			targets = (
				5517D8192402F34100053260 /* MVVM */,
				5517D82F2402F34400053260 /* MVVMTests */,
			);
		};
/* End PBXProject section */

/* Begin PBXResourcesBuildPhase section */
		5517D8182402F34100053260 /* Resources */ = {
			isa = PBXResourcesBuildPhase;
			buildActionMask = 2147483647;
			files = (
				559C3AA9240A6B09006DB5B5 /* MainLocalData.json in Resources */,
				55BFD62824041BC300D9235A /* ForcesDetailStoryboard.storyboard in Resources */,
				55BFD62724041B9200D9235A /* ForcesListTableViewCell.xib in Resources */,
				55BFD62624041B8700D9235A /* Main.storyboard in Resources */,
				559C3AB2240A8531006DB5B5 /* MainListStoryboard.storyboard in Resources */,
				5517D82A2402F34300053260 /* LaunchScreen.storyboard in Resources */,
				5517D8272402F34300053260 /* Assets.xcassets in Resources */,
			);
			runOnlyForDeploymentPostprocessing = 0;
		};
		5517D82E2402F34400053260 /* Resources */ = {
			isa = PBXResourcesBuildPhase;
			buildActionMask = 2147483647;
			files = (
			);
			runOnlyForDeploymentPostprocessing = 0;
		};
/* End PBXResourcesBuildPhase section */

/* Begin PBXSourcesBuildPhase section */
		5517D8162402F34100053260 /* Sources */ = {
			isa = PBXSourcesBuildPhase;
			buildActionMask = 2147483647;
			files = (
				559C3AA6240A6A07006DB5B5 /* MainRepository.swift in Sources */,
				555301A5240AB09900CF6297 /* MainListCoordinator.swift in Sources */,
				55BFD5EC240324B700D9235A /* ForcesListViewModel.swift in Sources */,
				55BFD5F6240324B700D9235A /* Constants.swift in Sources */,
				559C3AA2240A69CF006DB5B5 /* MainRepositoryProtocol.swift in Sources */,
				55BFD5E3240324B700D9235A /* ForcesDetailEngagementEntity.swift in Sources */,
				55BFD5F8240324B700D9235A /* APIEndpoints.swift in Sources */,
				55BFD5F3240324B700D9235A /* ForcesDetailEngagementEntity+Decodable.swift in Sources */,
				559C3AA0240A69AF006DB5B5 /* MainListEntity.swift in Sources */,
				55BFD5E2240324B700D9235A /* RetrieveForcesDetailUseCase.swift in Sources */,
				55BFD5F0240324B700D9235A /* ForcesListViewController.swift in Sources */,
				555301A3240AACE200CF6297 /* DIMainListContainer.swift in Sources */,
				55BFD5F7240324B700D9235A /* ForcesCoordinator.swift in Sources */,
				55BFD5E8240324B700D9235A /* ForcesDetailModel.swift in Sources */,
				55BFD5F2240324B700D9235A /* ForcesDetail+Decodable.swift in Sources */,
				5517D81E2402F34100053260 /* AppDelegate.swift in Sources */,
				55BFD5F4240324B700D9235A /* ForcesList+Decodable.swift in Sources */,
				559C3A9E240A6979006DB5B5 /* RetrieveMainListUseCase.swift in Sources */,
				55BFD5EA240324B700D9235A /* ForcesDetailViewController.swift in Sources */,
				559C3AA4240A69F6006DB5B5 /* MainList+Decodable.swift in Sources */,
				55BFD5FA240324B700D9235A /* DIAppContainer.swift in Sources */,
				55BFD5F5240324B700D9235A /* ForcesRepository.swift in Sources */,
				559C3AB4240A857C006DB5B5 /* MainListViewController.swift in Sources */,
				55BFD5ED240324B700D9235A /* ForcesListModel.swift in Sources */,
				55BFD5E5240324B700D9235A /* ForcesEntity.swift in Sources */,
				55BFD5F9240324B700D9235A /* DIForcesContainer.swift in Sources */,
				559C3AAE240A787F006DB5B5 /* MainListModel.swift in Sources */,
				55BFD5EE240324B700D9235A /* ForcesListTableViewCell.swift in Sources */,
				55BFD5E6240324B700D9235A /* ForcesRepositoryProtocol.swift in Sources */,
				55BFD5E4240324B700D9235A /* ForcesDetailEntity.swift in Sources */,
				55BFD5E1240324B700D9235A /* RetrieveForcesListUseCase.swift in Sources */,
				55BFD5E7240324B700D9235A /* ForcesDetailViewModel.swift in Sources */,
				55BFD5E9240324B700D9235A /* ForcesDetailEngagementModel.swift in Sources */,
				559C3AB0240A788E006DB5B5 /* MainListViewModel.swift in Sources */,
			);
			runOnlyForDeploymentPostprocessing = 0;
		};
		5517D82C2402F34400053260 /* Sources */ = {
			isa = PBXSourcesBuildPhase;
			buildActionMask = 2147483647;
			files = (
				5517D8352402F34400053260 /* MVVMTests.swift in Sources */,
			);
			runOnlyForDeploymentPostprocessing = 0;
		};
/* End PBXSourcesBuildPhase section */

/* Begin PBXTargetDependency section */
		5517D8322402F34400053260 /* PBXTargetDependency */ = {
			isa = PBXTargetDependency;
			target = 5517D8192402F34100053260 /* MVVM */;
			targetProxy = 5517D8312402F34400053260 /* PBXContainerItemProxy */;
		};
/* End PBXTargetDependency section */

/* Begin PBXVariantGroup section */
		5517D8282402F34300053260 /* LaunchScreen.storyboard */ = {
			isa = PBXVariantGroup;
			children = (
				5517D8292402F34300053260 /* Base */,
			);
			name = LaunchScreen.storyboard;
			sourceTree = "<group>";
		};
		55BFD5D0240324B700D9235A /* Main.storyboard */ = {
			isa = PBXVariantGroup;
			children = (
				55BFD5D1240324B700D9235A /* Base */,
			);
			name = Main.storyboard;
			sourceTree = "<group>";
		};
/* End PBXVariantGroup section */

/* Begin XCBuildConfiguration section */
		5517D8372402F34400053260 /* Debug */ = {
			isa = XCBuildConfiguration;
			buildSettings = {
				ALWAYS_SEARCH_USER_PATHS = NO;
				CLANG_ANALYZER_NONNULL = YES;
				CLANG_ANALYZER_NUMBER_OBJECT_CONVERSION = YES_AGGRESSIVE;
				CLANG_CXX_LANGUAGE_STANDARD = "gnu++14";
				CLANG_CXX_LIBRARY = "libc++";
				CLANG_ENABLE_MODULES = YES;
				CLANG_ENABLE_OBJC_ARC = YES;
				CLANG_ENABLE_OBJC_WEAK = YES;
				CLANG_WARN_BLOCK_CAPTURE_AUTORELEASING = YES;
				CLANG_WARN_BOOL_CONVERSION = YES;
				CLANG_WARN_COMMA = YES;
				CLANG_WARN_CONSTANT_CONVERSION = YES;
				CLANG_WARN_DEPRECATED_OBJC_IMPLEMENTATIONS = YES;
				CLANG_WARN_DIRECT_OBJC_ISA_USAGE = YES_ERROR;
				CLANG_WARN_DOCUMENTATION_COMMENTS = YES;
				CLANG_WARN_EMPTY_BODY = YES;
				CLANG_WARN_ENUM_CONVERSION = YES;
				CLANG_WARN_INFINITE_RECURSION = YES;
				CLANG_WARN_INT_CONVERSION = YES;
				CLANG_WARN_NON_LITERAL_NULL_CONVERSION = YES;
				CLANG_WARN_OBJC_IMPLICIT_RETAIN_SELF = YES;
				CLANG_WARN_OBJC_LITERAL_CONVERSION = YES;
				CLANG_WARN_OBJC_ROOT_CLASS = YES_ERROR;
				CLANG_WARN_RANGE_LOOP_ANALYSIS = YES;
				CLANG_WARN_STRICT_PROTOTYPES = YES;
				CLANG_WARN_SUSPICIOUS_MOVE = YES;
				CLANG_WARN_UNGUARDED_AVAILABILITY = YES_AGGRESSIVE;
				CLANG_WARN_UNREACHABLE_CODE = YES;
				CLANG_WARN__DUPLICATE_METHOD_MATCH = YES;
				COPY_PHASE_STRIP = NO;
				DEBUG_INFORMATION_FORMAT = dwarf;
				ENABLE_STRICT_OBJC_MSGSEND = YES;
				ENABLE_TESTABILITY = YES;
				GCC_C_LANGUAGE_STANDARD = gnu11;
				GCC_DYNAMIC_NO_PIC = NO;
				GCC_NO_COMMON_BLOCKS = YES;
				GCC_OPTIMIZATION_LEVEL = 0;
				GCC_PREPROCESSOR_DEFINITIONS = (
					"DEBUG=1",
					"$(inherited)",
				);
				GCC_WARN_64_TO_32_BIT_CONVERSION = YES;
				GCC_WARN_ABOUT_RETURN_TYPE = YES_ERROR;
				GCC_WARN_UNDECLARED_SELECTOR = YES;
				GCC_WARN_UNINITIALIZED_AUTOS = YES_AGGRESSIVE;
				GCC_WARN_UNUSED_FUNCTION = YES;
				GCC_WARN_UNUSED_VARIABLE = YES;
				IPHONEOS_DEPLOYMENT_TARGET = 13.2;
				MTL_ENABLE_DEBUG_INFO = INCLUDE_SOURCE;
				MTL_FAST_MATH = YES;
				ONLY_ACTIVE_ARCH = YES;
				SDKROOT = iphoneos;
				SWIFT_ACTIVE_COMPILATION_CONDITIONS = DEBUG;
				SWIFT_OPTIMIZATION_LEVEL = "-Onone";
			};
			name = Debug;
		};
		5517D8382402F34400053260 /* Release */ = {
			isa = XCBuildConfiguration;
			buildSettings = {
				ALWAYS_SEARCH_USER_PATHS = NO;
				CLANG_ANALYZER_NONNULL = YES;
				CLANG_ANALYZER_NUMBER_OBJECT_CONVERSION = YES_AGGRESSIVE;
				CLANG_CXX_LANGUAGE_STANDARD = "gnu++14";
				CLANG_CXX_LIBRARY = "libc++";
				CLANG_ENABLE_MODULES = YES;
				CLANG_ENABLE_OBJC_ARC = YES;
				CLANG_ENABLE_OBJC_WEAK = YES;
				CLANG_WARN_BLOCK_CAPTURE_AUTORELEASING = YES;
				CLANG_WARN_BOOL_CONVERSION = YES;
				CLANG_WARN_COMMA = YES;
				CLANG_WARN_CONSTANT_CONVERSION = YES;
				CLANG_WARN_DEPRECATED_OBJC_IMPLEMENTATIONS = YES;
				CLANG_WARN_DIRECT_OBJC_ISA_USAGE = YES_ERROR;
				CLANG_WARN_DOCUMENTATION_COMMENTS = YES;
				CLANG_WARN_EMPTY_BODY = YES;
				CLANG_WARN_ENUM_CONVERSION = YES;
				CLANG_WARN_INFINITE_RECURSION = YES;
				CLANG_WARN_INT_CONVERSION = YES;
				CLANG_WARN_NON_LITERAL_NULL_CONVERSION = YES;
				CLANG_WARN_OBJC_IMPLICIT_RETAIN_SELF = YES;
				CLANG_WARN_OBJC_LITERAL_CONVERSION = YES;
				CLANG_WARN_OBJC_ROOT_CLASS = YES_ERROR;
				CLANG_WARN_RANGE_LOOP_ANALYSIS = YES;
				CLANG_WARN_STRICT_PROTOTYPES = YES;
				CLANG_WARN_SUSPICIOUS_MOVE = YES;
				CLANG_WARN_UNGUARDED_AVAILABILITY = YES_AGGRESSIVE;
				CLANG_WARN_UNREACHABLE_CODE = YES;
				CLANG_WARN__DUPLICATE_METHOD_MATCH = YES;
				COPY_PHASE_STRIP = NO;
				DEBUG_INFORMATION_FORMAT = "dwarf-with-dsym";
				ENABLE_NS_ASSERTIONS = NO;
				ENABLE_STRICT_OBJC_MSGSEND = YES;
				GCC_C_LANGUAGE_STANDARD = gnu11;
				GCC_NO_COMMON_BLOCKS = YES;
				GCC_WARN_64_TO_32_BIT_CONVERSION = YES;
				GCC_WARN_ABOUT_RETURN_TYPE = YES_ERROR;
				GCC_WARN_UNDECLARED_SELECTOR = YES;
				GCC_WARN_UNINITIALIZED_AUTOS = YES_AGGRESSIVE;
				GCC_WARN_UNUSED_FUNCTION = YES;
				GCC_WARN_UNUSED_VARIABLE = YES;
				IPHONEOS_DEPLOYMENT_TARGET = 13.2;
				MTL_ENABLE_DEBUG_INFO = NO;
				MTL_FAST_MATH = YES;
				SDKROOT = iphoneos;
				SWIFT_COMPILATION_MODE = wholemodule;
				SWIFT_OPTIMIZATION_LEVEL = "-O";
				VALIDATE_PRODUCT = YES;
			};
			name = Release;
		};
		5517D83A2402F34400053260 /* Debug */ = {
			isa = XCBuildConfiguration;
			buildSettings = {
				ASSETCATALOG_COMPILER_APPICON_NAME = AppIcon;
				CODE_SIGN_STYLE = Automatic;
				DEVELOPMENT_TEAM = YKK8JZ62EV;
				INFOPLIST_FILE = MVVM/Info.plist;
				LD_RUNPATH_SEARCH_PATHS = (
					"$(inherited)",
					"@executable_path/Frameworks",
				);
				PRODUCT_BUNDLE_IDENTIFIER = tv.cardona.MVVM;
				PRODUCT_NAME = "$(TARGET_NAME)";
				SWIFT_VERSION = 5.0;
				TARGETED_DEVICE_FAMILY = "1,2";
			};
			name = Debug;
		};
		5517D83B2402F34400053260 /* Release */ = {
			isa = XCBuildConfiguration;
			buildSettings = {
				ASSETCATALOG_COMPILER_APPICON_NAME = AppIcon;
				CODE_SIGN_STYLE = Automatic;
				DEVELOPMENT_TEAM = YKK8JZ62EV;
				INFOPLIST_FILE = MVVM/Info.plist;
				LD_RUNPATH_SEARCH_PATHS = (
					"$(inherited)",
					"@executable_path/Frameworks",
				);
				PRODUCT_BUNDLE_IDENTIFIER = tv.cardona.MVVM;
				PRODUCT_NAME = "$(TARGET_NAME)";
				SWIFT_VERSION = 5.0;
				TARGETED_DEVICE_FAMILY = "1,2";
			};
			name = Release;
		};
		5517D83D2402F34400053260 /* Debug */ = {
			isa = XCBuildConfiguration;
			buildSettings = {
				ALWAYS_EMBED_SWIFT_STANDARD_LIBRARIES = YES;
				BUNDLE_LOADER = "$(TEST_HOST)";
				CODE_SIGN_STYLE = Automatic;
				DEVELOPMENT_TEAM = YKK8JZ62EV;
				INFOPLIST_FILE = MVVMTests/Info.plist;
				IPHONEOS_DEPLOYMENT_TARGET = 13.2;
				LD_RUNPATH_SEARCH_PATHS = (
					"$(inherited)",
					"@executable_path/Frameworks",
					"@loader_path/Frameworks",
				);
				PRODUCT_BUNDLE_IDENTIFIER = tv.cardona.MVVMTests;
				PRODUCT_NAME = "$(TARGET_NAME)";
				SWIFT_VERSION = 5.0;
				TARGETED_DEVICE_FAMILY = "1,2";
				TEST_HOST = "$(BUILT_PRODUCTS_DIR)/MVVM.app/MVVM";
			};
			name = Debug;
		};
		5517D83E2402F34400053260 /* Release */ = {
			isa = XCBuildConfiguration;
			buildSettings = {
				ALWAYS_EMBED_SWIFT_STANDARD_LIBRARIES = YES;
				BUNDLE_LOADER = "$(TEST_HOST)";
				CODE_SIGN_STYLE = Automatic;
				DEVELOPMENT_TEAM = YKK8JZ62EV;
				INFOPLIST_FILE = MVVMTests/Info.plist;
				IPHONEOS_DEPLOYMENT_TARGET = 13.2;
				LD_RUNPATH_SEARCH_PATHS = (
					"$(inherited)",
					"@executable_path/Frameworks",
					"@loader_path/Frameworks",
				);
				PRODUCT_BUNDLE_IDENTIFIER = tv.cardona.MVVMTests;
				PRODUCT_NAME = "$(TARGET_NAME)";
				SWIFT_VERSION = 5.0;
				TARGETED_DEVICE_FAMILY = "1,2";
				TEST_HOST = "$(BUILT_PRODUCTS_DIR)/MVVM.app/MVVM";
			};
			name = Release;
		};
/* End XCBuildConfiguration section */

/* Begin XCConfigurationList section */
		5517D8152402F34100053260 /* Build configuration list for PBXProject "MVVM" */ = {
			isa = XCConfigurationList;
			buildConfigurations = (
				5517D8372402F34400053260 /* Debug */,
				5517D8382402F34400053260 /* Release */,
			);
			defaultConfigurationIsVisible = 0;
			defaultConfigurationName = Release;
		};
		5517D8392402F34400053260 /* Build configuration list for PBXNativeTarget "MVVM" */ = {
			isa = XCConfigurationList;
			buildConfigurations = (
				5517D83A2402F34400053260 /* Debug */,
				5517D83B2402F34400053260 /* Release */,
			);
			defaultConfigurationIsVisible = 0;
			defaultConfigurationName = Release;
		};
		5517D83C2402F34400053260 /* Build configuration list for PBXNativeTarget "MVVMTests" */ = {
			isa = XCConfigurationList;
			buildConfigurations = (
				5517D83D2402F34400053260 /* Debug */,
				5517D83E2402F34400053260 /* Release */,
			);
			defaultConfigurationIsVisible = 0;
			defaultConfigurationName = Release;
		};
/* End XCConfigurationList section */

/* Begin XCRemoteSwiftPackageReference section */
		5512CFFF2404866F002546F1 /* XCRemoteSwiftPackageReference "SKRools" */ = {
			isa = XCRemoteSwiftPackageReference;
			repositoryURL = "https://github.com/cardona/SKRools.git";
			requirement = {
				branch = develop;
				kind = branch;
			};
		};
/* End XCRemoteSwiftPackageReference section */

/* Begin XCSwiftPackageProductDependency section */
		5512D0002404866F002546F1 /* SKRools */ = {
			isa = XCSwiftPackageProductDependency;
			package = 5512CFFF2404866F002546F1 /* XCRemoteSwiftPackageReference "SKRools" */;
			productName = SKRools;
		};
/* End XCSwiftPackageProductDependency section */
	};
	rootObject = 5517D8122402F34100053260 /* Project object */;
}
