// !$*UTF8*$!
{
	archiveVersion = 1;
	classes = {
	};
	objectVersion = 52;
	objects = {

/* Begin PBXBuildFile section */
		5517915A240BABF10050E79A /* SLHomeContainer.swift in Sources */ = {isa = PBXBuildFile; fileRef = 55179159240BABF10050E79A /* SLHomeContainer.swift */; };
		5517915C240BAED50050E79A /* SLForcesContainer.swift in Sources */ = {isa = PBXBuildFile; fileRef = 5517915B240BAED50050E79A /* SLForcesContainer.swift */; };
		5517915E240BAF8A0050E79A /* SLContainer.swift in Sources */ = {isa = PBXBuildFile; fileRef = 5517915D240BAF8A0050E79A /* SLContainer.swift */; };
		55179163240BB9E70050E79A /* HomeCollectionViewLayout.swift in Sources */ = {isa = PBXBuildFile; fileRef = 55179162240BB9E70050E79A /* HomeCollectionViewLayout.swift */; };
		55179168240BBCF10050E79A /* HomeCollectionViewCell.swift in Sources */ = {isa = PBXBuildFile; fileRef = 55179166240BBCF10050E79A /* HomeCollectionViewCell.swift */; };
		55179169240BBCF10050E79A /* HomeCollectionViewCell.xib in Resources */ = {isa = PBXBuildFile; fileRef = 55179167240BBCF10050E79A /* HomeCollectionViewCell.xib */; };
		5517D81E2402F34100053260 /* AppDelegate.swift in Sources */ = {isa = PBXBuildFile; fileRef = 5517D81D2402F34100053260 /* AppDelegate.swift */; };
		5517D8272402F34300053260 /* Assets.xcassets in Resources */ = {isa = PBXBuildFile; fileRef = 5517D8262402F34300053260 /* Assets.xcassets */; };
		5517D82A2402F34300053260 /* LaunchScreen.storyboard in Resources */ = {isa = PBXBuildFile; fileRef = 5517D8282402F34300053260 /* LaunchScreen.storyboard */; };
		5517D8352402F34400053260 /* MVVMTests.swift in Sources */ = {isa = PBXBuildFile; fileRef = 5517D8342402F34400053260 /* MVVMTests.swift */; };
		555301A5240AB09900CF6297 /* HomeCoordinator.swift in Sources */ = {isa = PBXBuildFile; fileRef = 555301A4240AB09900CF6297 /* HomeCoordinator.swift */; };
		5565CF87241CF61E002763CF /* BeersListViewController.swift in Sources */ = {isa = PBXBuildFile; fileRef = 5565CF86241CF61E002763CF /* BeersListViewController.swift */; };
		5565CF89241CF64D002763CF /* BeersListModel.swift in Sources */ = {isa = PBXBuildFile; fileRef = 5565CF88241CF64D002763CF /* BeersListModel.swift */; };
		5565CF8B241CF661002763CF /* BeersListViewModel.swift in Sources */ = {isa = PBXBuildFile; fileRef = 5565CF8A241CF661002763CF /* BeersListViewModel.swift */; };
		5565CF8D241CF6BB002763CF /* BeersRepositoryProtocol.swift in Sources */ = {isa = PBXBuildFile; fileRef = 5565CF8C241CF6BB002763CF /* BeersRepositoryProtocol.swift */; };
		5565CF8F241CF718002763CF /* RetrieveBeersListUseCase.swift in Sources */ = {isa = PBXBuildFile; fileRef = 5565CF8E241CF718002763CF /* RetrieveBeersListUseCase.swift */; };
		5565CF91241CF737002763CF /* BeersRepository.swift in Sources */ = {isa = PBXBuildFile; fileRef = 5565CF90241CF737002763CF /* BeersRepository.swift */; };
		5565CF93241D034E002763CF /* BeersEntity.swift in Sources */ = {isa = PBXBuildFile; fileRef = 5565CF92241D034E002763CF /* BeersEntity.swift */; };
		5565CF95241D0742002763CF /* Beer+Decodable.swift in Sources */ = {isa = PBXBuildFile; fileRef = 5565CF94241D0742002763CF /* Beer+Decodable.swift */; };
		5565CF97241D0C3D002763CF /* Volume+Decodable.swift in Sources */ = {isa = PBXBuildFile; fileRef = 5565CF96241D0C3D002763CF /* Volume+Decodable.swift */; };
		5565CF9B241D0CF8002763CF /* BoilVolume+Decodable.swift in Sources */ = {isa = PBXBuildFile; fileRef = 5565CF9A241D0CF8002763CF /* BoilVolume+Decodable.swift */; };
		5565CF9D241D11BE002763CF /* Method+Decodable.swift in Sources */ = {isa = PBXBuildFile; fileRef = 5565CF9C241D11BE002763CF /* Method+Decodable.swift */; };
		5565CF9F241D1F98002763CF /* MashTemp+Decodable.swift in Sources */ = {isa = PBXBuildFile; fileRef = 5565CF9E241D1F98002763CF /* MashTemp+Decodable.swift */; };
		5565CFA1241D1FB1002763CF /* Temp+Decodable.swift in Sources */ = {isa = PBXBuildFile; fileRef = 5565CFA0241D1FB1002763CF /* Temp+Decodable.swift */; };
		5565CFA3241D20DF002763CF /* Fermentation+Decodable.swift in Sources */ = {isa = PBXBuildFile; fileRef = 5565CFA2241D20DF002763CF /* Fermentation+Decodable.swift */; };
		5565CFA5241D225B002763CF /* Ingredients+Decodable.swift in Sources */ = {isa = PBXBuildFile; fileRef = 5565CFA4241D225B002763CF /* Ingredients+Decodable.swift */; };
		5565CFA7241D2347002763CF /* Hops+Decodable.swift in Sources */ = {isa = PBXBuildFile; fileRef = 5565CFA6241D2347002763CF /* Hops+Decodable.swift */; };
		5565CFA9241D235A002763CF /* Malt+Decodable.swift in Sources */ = {isa = PBXBuildFile; fileRef = 5565CFA8241D235A002763CF /* Malt+Decodable.swift */; };
		5565CFAB241D2485002763CF /* Amount+Decodable.swift in Sources */ = {isa = PBXBuildFile; fileRef = 5565CFAA241D2485002763CF /* Amount+Decodable.swift */; };
		5565CFAD241E2C70002763CF /* SLBeersContainer.swift in Sources */ = {isa = PBXBuildFile; fileRef = 5565CFAC241E2C70002763CF /* SLBeersContainer.swift */; };
		5565CFB1241E2E01002763CF /* SLBeersBaseContainer.swift in Sources */ = {isa = PBXBuildFile; fileRef = 5565CFB0241E2E01002763CF /* SLBeersBaseContainer.swift */; };
		5565CFB3241E327F002763CF /* BeerListStoryboard.storyboard in Resources */ = {isa = PBXBuildFile; fileRef = 5565CFB2241E327F002763CF /* BeerListStoryboard.storyboard */; };
		5565CFB5241E3583002763CF /* BeersCoordinator.swift in Sources */ = {isa = PBXBuildFile; fileRef = 5565CFB4241E3583002763CF /* BeersCoordinator.swift */; };
		5565CFB7241E7F80002763CF /* ExternalRepository.swift in Sources */ = {isa = PBXBuildFile; fileRef = 5565CFB6241E7F80002763CF /* ExternalRepository.swift */; };
		5565CFB9241E7FEF002763CF /* ExternalRepositoryProtocol.swift in Sources */ = {isa = PBXBuildFile; fileRef = 5565CFB8241E7FEF002763CF /* ExternalRepositoryProtocol.swift */; };
		5568EAFC24211CF600CDB79D /* SLExternalContainer.swift in Sources */ = {isa = PBXBuildFile; fileRef = 5568EAFB24211CF600CDB79D /* SLExternalContainer.swift */; };
		559C3A9E240A6979006DB5B5 /* RetrieveHomeUseCase.swift in Sources */ = {isa = PBXBuildFile; fileRef = 559C3A9D240A6979006DB5B5 /* RetrieveHomeUseCase.swift */; };
		559C3AA0240A69AF006DB5B5 /* HomeEntity.swift in Sources */ = {isa = PBXBuildFile; fileRef = 559C3A9F240A69AF006DB5B5 /* HomeEntity.swift */; };
		559C3AA2240A69CF006DB5B5 /* HomeRepositoryProtocol.swift in Sources */ = {isa = PBXBuildFile; fileRef = 559C3AA1240A69CF006DB5B5 /* HomeRepositoryProtocol.swift */; };
		559C3AA4240A69F6006DB5B5 /* Home+Decodable.swift in Sources */ = {isa = PBXBuildFile; fileRef = 559C3AA3240A69F6006DB5B5 /* Home+Decodable.swift */; };
		559C3AA6240A6A07006DB5B5 /* HomeRepository.swift in Sources */ = {isa = PBXBuildFile; fileRef = 559C3AA5240A6A07006DB5B5 /* HomeRepository.swift */; };
		559C3AA9240A6B09006DB5B5 /* HomeLocalData.json in Resources */ = {isa = PBXBuildFile; fileRef = 559C3AA8240A6AFF006DB5B5 /* HomeLocalData.json */; };
		559C3AAE240A787F006DB5B5 /* HomeModel.swift in Sources */ = {isa = PBXBuildFile; fileRef = 559C3AAD240A787F006DB5B5 /* HomeModel.swift */; };
		559C3AB0240A788E006DB5B5 /* HomeViewModel.swift in Sources */ = {isa = PBXBuildFile; fileRef = 559C3AAF240A788E006DB5B5 /* HomeViewModel.swift */; };
		559C3AB2240A8531006DB5B5 /* HomeStoryboard.storyboard in Resources */ = {isa = PBXBuildFile; fileRef = 559C3AB1240A8531006DB5B5 /* HomeStoryboard.storyboard */; };
		559C3AB4240A857C006DB5B5 /* HomeViewController.swift in Sources */ = {isa = PBXBuildFile; fileRef = 559C3AB3240A857C006DB5B5 /* HomeViewController.swift */; };
		55B2BBA224103C5D00AFC301 /* SKRools in Frameworks */ = {isa = PBXBuildFile; productRef = 55B2BBA124103C5D00AFC301 /* SKRools */; };
		55B2BBA42410463000AFC301 /* ForcesListViewModelTest.swift in Sources */ = {isa = PBXBuildFile; fileRef = 55B2BBA32410463000AFC301 /* ForcesListViewModelTest.swift */; };
		55B9184A241FDECD009E86FB /* BeerCollectionViewCell.swift in Sources */ = {isa = PBXBuildFile; fileRef = 55B91848241FDECD009E86FB /* BeerCollectionViewCell.swift */; };
		55B9184B241FDECD009E86FB /* BeerCollectionViewCell.xib in Resources */ = {isa = PBXBuildFile; fileRef = 55B91849241FDECD009E86FB /* BeerCollectionViewCell.xib */; };
		55B9184D24202081009E86FB /* BeersListCollectionViewLayout.swift in Sources */ = {isa = PBXBuildFile; fileRef = 55B9184C24202081009E86FB /* BeersListCollectionViewLayout.swift */; };
		55BFD5E1240324B700D9235A /* RetrieveForcesListUseCase.swift in Sources */ = {isa = PBXBuildFile; fileRef = 55BFD5B4240324B600D9235A /* RetrieveForcesListUseCase.swift */; };
		55BFD5E2240324B700D9235A /* RetrieveForcesDetailUseCase.swift in Sources */ = {isa = PBXBuildFile; fileRef = 55BFD5B5240324B600D9235A /* RetrieveForcesDetailUseCase.swift */; };
		55BFD5E3240324B700D9235A /* ForcesDetailEngagementEntity.swift in Sources */ = {isa = PBXBuildFile; fileRef = 55BFD5B7240324B600D9235A /* ForcesDetailEngagementEntity.swift */; };
		55BFD5E4240324B700D9235A /* ForcesDetailEntity.swift in Sources */ = {isa = PBXBuildFile; fileRef = 55BFD5B8240324B600D9235A /* ForcesDetailEntity.swift */; };
		55BFD5E5240324B700D9235A /* ForcesEntity.swift in Sources */ = {isa = PBXBuildFile; fileRef = 55BFD5B9240324B600D9235A /* ForcesEntity.swift */; };
		55BFD5E6240324B700D9235A /* ForcesRepositoryProtocol.swift in Sources */ = {isa = PBXBuildFile; fileRef = 55BFD5BB240324B700D9235A /* ForcesRepositoryProtocol.swift */; };
		55BFD5E7240324B700D9235A /* ForcesDetailViewModel.swift in Sources */ = {isa = PBXBuildFile; fileRef = 55BFD5BF240324B700D9235A /* ForcesDetailViewModel.swift */; };
		55BFD5E8240324B700D9235A /* ForcesDetailModel.swift in Sources */ = {isa = PBXBuildFile; fileRef = 55BFD5C1240324B700D9235A /* ForcesDetailModel.swift */; };
		55BFD5E9240324B700D9235A /* ForcesDetailEngagementModel.swift in Sources */ = {isa = PBXBuildFile; fileRef = 55BFD5C2240324B700D9235A /* ForcesDetailEngagementModel.swift */; };
		55BFD5EA240324B700D9235A /* ForcesDetailViewController.swift in Sources */ = {isa = PBXBuildFile; fileRef = 55BFD5C4240324B700D9235A /* ForcesDetailViewController.swift */; };
		55BFD5EC240324B700D9235A /* ForcesListViewModel.swift in Sources */ = {isa = PBXBuildFile; fileRef = 55BFD5C8240324B700D9235A /* ForcesListViewModel.swift */; };
		55BFD5ED240324B700D9235A /* ForcesListModel.swift in Sources */ = {isa = PBXBuildFile; fileRef = 55BFD5CA240324B700D9235A /* ForcesListModel.swift */; };
		55BFD5EE240324B700D9235A /* ForcesListTableViewCell.swift in Sources */ = {isa = PBXBuildFile; fileRef = 55BFD5CD240324B700D9235A /* ForcesListTableViewCell.swift */; };
		55BFD5F0240324B700D9235A /* ForcesListViewController.swift in Sources */ = {isa = PBXBuildFile; fileRef = 55BFD5CF240324B700D9235A /* ForcesListViewController.swift */; };
		55BFD5F2240324B700D9235A /* ForcesDetail+Decodable.swift in Sources */ = {isa = PBXBuildFile; fileRef = 55BFD5D4240324B700D9235A /* ForcesDetail+Decodable.swift */; };
		55BFD5F3240324B700D9235A /* ForcesDetailEngagementEntity+Decodable.swift in Sources */ = {isa = PBXBuildFile; fileRef = 55BFD5D5240324B700D9235A /* ForcesDetailEngagementEntity+Decodable.swift */; };
		55BFD5F4240324B700D9235A /* ForcesList+Decodable.swift in Sources */ = {isa = PBXBuildFile; fileRef = 55BFD5D6240324B700D9235A /* ForcesList+Decodable.swift */; };
		55BFD5F5240324B700D9235A /* ForcesRepository.swift in Sources */ = {isa = PBXBuildFile; fileRef = 55BFD5D8240324B700D9235A /* ForcesRepository.swift */; };
		55BFD5F6240324B700D9235A /* Constants.swift in Sources */ = {isa = PBXBuildFile; fileRef = 55BFD5DA240324B700D9235A /* Constants.swift */; };
		55BFD5F7240324B700D9235A /* ForcesCoordinator.swift in Sources */ = {isa = PBXBuildFile; fileRef = 55BFD5DC240324B700D9235A /* ForcesCoordinator.swift */; };
		55BFD5F8240324B700D9235A /* APIEndpoints.swift in Sources */ = {isa = PBXBuildFile; fileRef = 55BFD5DD240324B700D9235A /* APIEndpoints.swift */; };
		55BFD62624041B8700D9235A /* Main.storyboard in Resources */ = {isa = PBXBuildFile; fileRef = 55BFD5D0240324B700D9235A /* Main.storyboard */; };
		55BFD62724041B9200D9235A /* ForcesListTableViewCell.xib in Resources */ = {isa = PBXBuildFile; fileRef = 55BFD5CE240324B700D9235A /* ForcesListTableViewCell.xib */; };
		55BFD62824041BC300D9235A /* ForcesDetailStoryboard.storyboard in Resources */ = {isa = PBXBuildFile; fileRef = 55BFD5C5240324B700D9235A /* ForcesDetailStoryboard.storyboard */; };
/* End PBXBuildFile section */

/* Begin PBXContainerItemProxy section */
		5517D8312402F34400053260 /* PBXContainerItemProxy */ = {
			isa = PBXContainerItemProxy;
			containerPortal = 5517D8122402F34100053260 /* Project object */;
			proxyType = 1;
			remoteGlobalIDString = 5517D8192402F34100053260;
			remoteInfo = MVVM;
		};
/* End PBXContainerItemProxy section */

/* Begin PBXFileReference section */
		55179159240BABF10050E79A /* SLHomeContainer.swift */ = {isa = PBXFileReference; lastKnownFileType = sourcecode.swift; path = SLHomeContainer.swift; sourceTree = "<group>"; };
		5517915B240BAED50050E79A /* SLForcesContainer.swift */ = {isa = PBXFileReference; lastKnownFileType = sourcecode.swift; path = SLForcesContainer.swift; sourceTree = "<group>"; };
		5517915D240BAF8A0050E79A /* SLContainer.swift */ = {isa = PBXFileReference; lastKnownFileType = sourcecode.swift; path = SLContainer.swift; sourceTree = "<group>"; };
		55179162240BB9E70050E79A /* HomeCollectionViewLayout.swift */ = {isa = PBXFileReference; lastKnownFileType = sourcecode.swift; path = HomeCollectionViewLayout.swift; sourceTree = "<group>"; };
		55179166240BBCF10050E79A /* HomeCollectionViewCell.swift */ = {isa = PBXFileReference; lastKnownFileType = sourcecode.swift; path = HomeCollectionViewCell.swift; sourceTree = "<group>"; };
		55179167240BBCF10050E79A /* HomeCollectionViewCell.xib */ = {isa = PBXFileReference; lastKnownFileType = file.xib; path = HomeCollectionViewCell.xib; sourceTree = "<group>"; };
		5517D81A2402F34100053260 /* MVVM.app */ = {isa = PBXFileReference; explicitFileType = wrapper.application; includeInIndex = 0; path = MVVM.app; sourceTree = BUILT_PRODUCTS_DIR; };
		5517D81D2402F34100053260 /* AppDelegate.swift */ = {isa = PBXFileReference; lastKnownFileType = sourcecode.swift; path = AppDelegate.swift; sourceTree = "<group>"; };
		5517D8262402F34300053260 /* Assets.xcassets */ = {isa = PBXFileReference; lastKnownFileType = folder.assetcatalog; path = Assets.xcassets; sourceTree = "<group>"; };
		5517D8292402F34300053260 /* Base */ = {isa = PBXFileReference; lastKnownFileType = file.storyboard; name = Base; path = Base.lproj/LaunchScreen.storyboard; sourceTree = "<group>"; };
		5517D82B2402F34300053260 /* Info.plist */ = {isa = PBXFileReference; lastKnownFileType = text.plist.xml; path = Info.plist; sourceTree = "<group>"; };
		5517D8302402F34400053260 /* MVVMTests.xctest */ = {isa = PBXFileReference; explicitFileType = wrapper.cfbundle; includeInIndex = 0; path = MVVMTests.xctest; sourceTree = BUILT_PRODUCTS_DIR; };
		5517D8342402F34400053260 /* MVVMTests.swift */ = {isa = PBXFileReference; lastKnownFileType = sourcecode.swift; path = MVVMTests.swift; sourceTree = "<group>"; };
		5517D8362402F34400053260 /* Info.plist */ = {isa = PBXFileReference; lastKnownFileType = text.plist.xml; path = Info.plist; sourceTree = "<group>"; };
		555301A4240AB09900CF6297 /* HomeCoordinator.swift */ = {isa = PBXFileReference; lastKnownFileType = sourcecode.swift; path = HomeCoordinator.swift; sourceTree = "<group>"; };
		5565CF86241CF61E002763CF /* BeersListViewController.swift */ = {isa = PBXFileReference; lastKnownFileType = sourcecode.swift; path = BeersListViewController.swift; sourceTree = "<group>"; };
		5565CF88241CF64D002763CF /* BeersListModel.swift */ = {isa = PBXFileReference; lastKnownFileType = sourcecode.swift; path = BeersListModel.swift; sourceTree = "<group>"; };
		5565CF8A241CF661002763CF /* BeersListViewModel.swift */ = {isa = PBXFileReference; lastKnownFileType = sourcecode.swift; path = BeersListViewModel.swift; sourceTree = "<group>"; };
		5565CF8C241CF6BB002763CF /* BeersRepositoryProtocol.swift */ = {isa = PBXFileReference; lastKnownFileType = sourcecode.swift; path = BeersRepositoryProtocol.swift; sourceTree = "<group>"; };
		5565CF8E241CF718002763CF /* RetrieveBeersListUseCase.swift */ = {isa = PBXFileReference; lastKnownFileType = sourcecode.swift; path = RetrieveBeersListUseCase.swift; sourceTree = "<group>"; };
		5565CF90241CF737002763CF /* BeersRepository.swift */ = {isa = PBXFileReference; lastKnownFileType = sourcecode.swift; path = BeersRepository.swift; sourceTree = "<group>"; };
		5565CF92241D034E002763CF /* BeersEntity.swift */ = {isa = PBXFileReference; lastKnownFileType = sourcecode.swift; path = BeersEntity.swift; sourceTree = "<group>"; };
		5565CF94241D0742002763CF /* Beer+Decodable.swift */ = {isa = PBXFileReference; lastKnownFileType = sourcecode.swift; path = "Beer+Decodable.swift"; sourceTree = "<group>"; };
		5565CF96241D0C3D002763CF /* Volume+Decodable.swift */ = {isa = PBXFileReference; lastKnownFileType = sourcecode.swift; path = "Volume+Decodable.swift"; sourceTree = "<group>"; };
		5565CF9A241D0CF8002763CF /* BoilVolume+Decodable.swift */ = {isa = PBXFileReference; lastKnownFileType = sourcecode.swift; path = "BoilVolume+Decodable.swift"; sourceTree = "<group>"; };
		5565CF9C241D11BE002763CF /* Method+Decodable.swift */ = {isa = PBXFileReference; lastKnownFileType = sourcecode.swift; path = "Method+Decodable.swift"; sourceTree = "<group>"; };
		5565CF9E241D1F98002763CF /* MashTemp+Decodable.swift */ = {isa = PBXFileReference; lastKnownFileType = sourcecode.swift; path = "MashTemp+Decodable.swift"; sourceTree = "<group>"; };
		5565CFA0241D1FB1002763CF /* Temp+Decodable.swift */ = {isa = PBXFileReference; lastKnownFileType = sourcecode.swift; path = "Temp+Decodable.swift"; sourceTree = "<group>"; };
		5565CFA2241D20DF002763CF /* Fermentation+Decodable.swift */ = {isa = PBXFileReference; lastKnownFileType = sourcecode.swift; path = "Fermentation+Decodable.swift"; sourceTree = "<group>"; };
		5565CFA4241D225B002763CF /* Ingredients+Decodable.swift */ = {isa = PBXFileReference; lastKnownFileType = sourcecode.swift; path = "Ingredients+Decodable.swift"; sourceTree = "<group>"; };
		5565CFA6241D2347002763CF /* Hops+Decodable.swift */ = {isa = PBXFileReference; lastKnownFileType = sourcecode.swift; path = "Hops+Decodable.swift"; sourceTree = "<group>"; };
		5565CFA8241D235A002763CF /* Malt+Decodable.swift */ = {isa = PBXFileReference; lastKnownFileType = sourcecode.swift; path = "Malt+Decodable.swift"; sourceTree = "<group>"; };
		5565CFAA241D2485002763CF /* Amount+Decodable.swift */ = {isa = PBXFileReference; lastKnownFileType = sourcecode.swift; path = "Amount+Decodable.swift"; sourceTree = "<group>"; };
		5565CFAC241E2C70002763CF /* SLBeersContainer.swift */ = {isa = PBXFileReference; lastKnownFileType = sourcecode.swift; path = SLBeersContainer.swift; sourceTree = "<group>"; };
		5565CFB0241E2E01002763CF /* SLBeersBaseContainer.swift */ = {isa = PBXFileReference; lastKnownFileType = sourcecode.swift; path = SLBeersBaseContainer.swift; sourceTree = "<group>"; };
		5565CFB2241E327F002763CF /* BeerListStoryboard.storyboard */ = {isa = PBXFileReference; lastKnownFileType = file.storyboard; path = BeerListStoryboard.storyboard; sourceTree = "<group>"; };
		5565CFB4241E3583002763CF /* BeersCoordinator.swift */ = {isa = PBXFileReference; lastKnownFileType = sourcecode.swift; path = BeersCoordinator.swift; sourceTree = "<group>"; };
		5565CFB6241E7F80002763CF /* ExternalRepository.swift */ = {isa = PBXFileReference; lastKnownFileType = sourcecode.swift; path = ExternalRepository.swift; sourceTree = "<group>"; };
		5565CFB8241E7FEF002763CF /* ExternalRepositoryProtocol.swift */ = {isa = PBXFileReference; lastKnownFileType = sourcecode.swift; path = ExternalRepositoryProtocol.swift; sourceTree = "<group>"; };
		5568EAFB24211CF600CDB79D /* SLExternalContainer.swift */ = {isa = PBXFileReference; lastKnownFileType = sourcecode.swift; path = SLExternalContainer.swift; sourceTree = "<group>"; };
		5568EB072424B6C700CDB79D /* SKRools */ = {isa = PBXFileReference; lastKnownFileType = folder; name = SKRools; path = "../Swift Pakages/SKRools"; sourceTree = "<group>"; };
		559C3A9D240A6979006DB5B5 /* RetrieveHomeUseCase.swift */ = {isa = PBXFileReference; lastKnownFileType = sourcecode.swift; path = RetrieveHomeUseCase.swift; sourceTree = "<group>"; };
		559C3A9F240A69AF006DB5B5 /* HomeEntity.swift */ = {isa = PBXFileReference; lastKnownFileType = sourcecode.swift; path = HomeEntity.swift; sourceTree = "<group>"; };
		559C3AA1240A69CF006DB5B5 /* HomeRepositoryProtocol.swift */ = {isa = PBXFileReference; lastKnownFileType = sourcecode.swift; path = HomeRepositoryProtocol.swift; sourceTree = "<group>"; };
		559C3AA3240A69F6006DB5B5 /* Home+Decodable.swift */ = {isa = PBXFileReference; lastKnownFileType = sourcecode.swift; path = "Home+Decodable.swift"; sourceTree = "<group>"; };
		559C3AA5240A6A07006DB5B5 /* HomeRepository.swift */ = {isa = PBXFileReference; lastKnownFileType = sourcecode.swift; path = HomeRepository.swift; sourceTree = "<group>"; };
		559C3AA8240A6AFF006DB5B5 /* HomeLocalData.json */ = {isa = PBXFileReference; lastKnownFileType = text.json; path = HomeLocalData.json; sourceTree = "<group>"; };
		559C3AAD240A787F006DB5B5 /* HomeModel.swift */ = {isa = PBXFileReference; lastKnownFileType = sourcecode.swift; path = HomeModel.swift; sourceTree = "<group>"; };
		559C3AAF240A788E006DB5B5 /* HomeViewModel.swift */ = {isa = PBXFileReference; lastKnownFileType = sourcecode.swift; path = HomeViewModel.swift; sourceTree = "<group>"; };
		559C3AB1240A8531006DB5B5 /* HomeStoryboard.storyboard */ = {isa = PBXFileReference; lastKnownFileType = file.storyboard; path = HomeStoryboard.storyboard; sourceTree = "<group>"; };
		559C3AB3240A857C006DB5B5 /* HomeViewController.swift */ = {isa = PBXFileReference; lastKnownFileType = sourcecode.swift; path = HomeViewController.swift; sourceTree = "<group>"; };
		55B2BBA32410463000AFC301 /* ForcesListViewModelTest.swift */ = {isa = PBXFileReference; lastKnownFileType = sourcecode.swift; path = ForcesListViewModelTest.swift; sourceTree = "<group>"; };
		55B91848241FDECD009E86FB /* BeerCollectionViewCell.swift */ = {isa = PBXFileReference; lastKnownFileType = sourcecode.swift; path = BeerCollectionViewCell.swift; sourceTree = "<group>"; };
		55B91849241FDECD009E86FB /* BeerCollectionViewCell.xib */ = {isa = PBXFileReference; lastKnownFileType = file.xib; path = BeerCollectionViewCell.xib; sourceTree = "<group>"; };
		55B9184C24202081009E86FB /* BeersListCollectionViewLayout.swift */ = {isa = PBXFileReference; lastKnownFileType = sourcecode.swift; path = BeersListCollectionViewLayout.swift; sourceTree = "<group>"; };
		55BFD5B4240324B600D9235A /* RetrieveForcesListUseCase.swift */ = {isa = PBXFileReference; fileEncoding = 4; lastKnownFileType = sourcecode.swift; path = RetrieveForcesListUseCase.swift; sourceTree = "<group>"; };
		55BFD5B5240324B600D9235A /* RetrieveForcesDetailUseCase.swift */ = {isa = PBXFileReference; fileEncoding = 4; lastKnownFileType = sourcecode.swift; path = RetrieveForcesDetailUseCase.swift; sourceTree = "<group>"; };
		55BFD5B7240324B600D9235A /* ForcesDetailEngagementEntity.swift */ = {isa = PBXFileReference; fileEncoding = 4; lastKnownFileType = sourcecode.swift; path = ForcesDetailEngagementEntity.swift; sourceTree = "<group>"; };
		55BFD5B8240324B600D9235A /* ForcesDetailEntity.swift */ = {isa = PBXFileReference; fileEncoding = 4; lastKnownFileType = sourcecode.swift; path = ForcesDetailEntity.swift; sourceTree = "<group>"; };
		55BFD5B9240324B600D9235A /* ForcesEntity.swift */ = {isa = PBXFileReference; fileEncoding = 4; lastKnownFileType = sourcecode.swift; path = ForcesEntity.swift; sourceTree = "<group>"; };
		55BFD5BB240324B700D9235A /* ForcesRepositoryProtocol.swift */ = {isa = PBXFileReference; fileEncoding = 4; lastKnownFileType = sourcecode.swift; path = ForcesRepositoryProtocol.swift; sourceTree = "<group>"; };
		55BFD5BF240324B700D9235A /* ForcesDetailViewModel.swift */ = {isa = PBXFileReference; fileEncoding = 4; lastKnownFileType = sourcecode.swift; path = ForcesDetailViewModel.swift; sourceTree = "<group>"; };
		55BFD5C1240324B700D9235A /* ForcesDetailModel.swift */ = {isa = PBXFileReference; fileEncoding = 4; lastKnownFileType = sourcecode.swift; path = ForcesDetailModel.swift; sourceTree = "<group>"; };
		55BFD5C2240324B700D9235A /* ForcesDetailEngagementModel.swift */ = {isa = PBXFileReference; fileEncoding = 4; lastKnownFileType = sourcecode.swift; path = ForcesDetailEngagementModel.swift; sourceTree = "<group>"; };
		55BFD5C4240324B700D9235A /* ForcesDetailViewController.swift */ = {isa = PBXFileReference; fileEncoding = 4; lastKnownFileType = sourcecode.swift; path = ForcesDetailViewController.swift; sourceTree = "<group>"; };
		55BFD5C5240324B700D9235A /* ForcesDetailStoryboard.storyboard */ = {isa = PBXFileReference; fileEncoding = 4; lastKnownFileType = file.storyboard; path = ForcesDetailStoryboard.storyboard; sourceTree = "<group>"; };
		55BFD5C8240324B700D9235A /* ForcesListViewModel.swift */ = {isa = PBXFileReference; fileEncoding = 4; lastKnownFileType = sourcecode.swift; path = ForcesListViewModel.swift; sourceTree = "<group>"; };
		55BFD5CA240324B700D9235A /* ForcesListModel.swift */ = {isa = PBXFileReference; fileEncoding = 4; lastKnownFileType = sourcecode.swift; path = ForcesListModel.swift; sourceTree = "<group>"; };
		55BFD5CD240324B700D9235A /* ForcesListTableViewCell.swift */ = {isa = PBXFileReference; fileEncoding = 4; lastKnownFileType = sourcecode.swift; path = ForcesListTableViewCell.swift; sourceTree = "<group>"; };
		55BFD5CE240324B700D9235A /* ForcesListTableViewCell.xib */ = {isa = PBXFileReference; fileEncoding = 4; lastKnownFileType = file.xib; path = ForcesListTableViewCell.xib; sourceTree = "<group>"; };
		55BFD5CF240324B700D9235A /* ForcesListViewController.swift */ = {isa = PBXFileReference; fileEncoding = 4; lastKnownFileType = sourcecode.swift; path = ForcesListViewController.swift; sourceTree = "<group>"; };
		55BFD5D1240324B700D9235A /* Base */ = {isa = PBXFileReference; lastKnownFileType = file.storyboard; name = Base; path = Base.lproj/Main.storyboard; sourceTree = "<group>"; };
		55BFD5D4240324B700D9235A /* ForcesDetail+Decodable.swift */ = {isa = PBXFileReference; fileEncoding = 4; lastKnownFileType = sourcecode.swift; path = "ForcesDetail+Decodable.swift"; sourceTree = "<group>"; };
		55BFD5D5240324B700D9235A /* ForcesDetailEngagementEntity+Decodable.swift */ = {isa = PBXFileReference; fileEncoding = 4; lastKnownFileType = sourcecode.swift; path = "ForcesDetailEngagementEntity+Decodable.swift"; sourceTree = "<group>"; };
		55BFD5D6240324B700D9235A /* ForcesList+Decodable.swift */ = {isa = PBXFileReference; fileEncoding = 4; lastKnownFileType = sourcecode.swift; path = "ForcesList+Decodable.swift"; sourceTree = "<group>"; };
		55BFD5D8240324B700D9235A /* ForcesRepository.swift */ = {isa = PBXFileReference; fileEncoding = 4; lastKnownFileType = sourcecode.swift; path = ForcesRepository.swift; sourceTree = "<group>"; };
		55BFD5DA240324B700D9235A /* Constants.swift */ = {isa = PBXFileReference; fileEncoding = 4; lastKnownFileType = sourcecode.swift; path = Constants.swift; sourceTree = "<group>"; };
		55BFD5DC240324B700D9235A /* ForcesCoordinator.swift */ = {isa = PBXFileReference; fileEncoding = 4; lastKnownFileType = sourcecode.swift; path = ForcesCoordinator.swift; sourceTree = "<group>"; };
		55BFD5DD240324B700D9235A /* APIEndpoints.swift */ = {isa = PBXFileReference; fileEncoding = 4; lastKnownFileType = sourcecode.swift; path = APIEndpoints.swift; sourceTree = "<group>"; };
/* End PBXFileReference section */

/* Begin PBXFrameworksBuildPhase section */
		5517D8172402F34100053260 /* Frameworks */ = {
			isa = PBXFrameworksBuildPhase;
			buildActionMask = 2147483647;
			files = (
				55B2BBA224103C5D00AFC301 /* SKRools in Frameworks */,
			);
			runOnlyForDeploymentPostprocessing = 0;
		};
		5517D82D2402F34400053260 /* Frameworks */ = {
			isa = PBXFrameworksBuildPhase;
			buildActionMask = 2147483647;
			files = (
			);
			runOnlyForDeploymentPostprocessing = 0;
		};
/* End PBXFrameworksBuildPhase section */

/* Begin PBXGroup section */
		5512CFFC24048529002546F1 /* Frameworks */ = {
			isa = PBXGroup;
			children = (
			);
			name = Frameworks;
			sourceTree = "<group>";
		};
		55179161240BB9CC0050E79A /* CollectionView */ = {
			isa = PBXGroup;
			children = (
				55179162240BB9E70050E79A /* HomeCollectionViewLayout.swift */,
				55179166240BBCF10050E79A /* HomeCollectionViewCell.swift */,
				55179167240BBCF10050E79A /* HomeCollectionViewCell.xib */,
			);
			path = CollectionView;
			sourceTree = "<group>";
		};
		5517D8112402F34100053260 = {
			isa = PBXGroup;
			children = (
				5568EB072424B6C700CDB79D /* SKRools */,
				5517D81C2402F34100053260 /* MVVM */,
				5517D8332402F34400053260 /* MVVMTests */,
				5517D81B2402F34100053260 /* Products */,
				5512CFFC24048529002546F1 /* Frameworks */,
			);
			sourceTree = "<group>";
		};
		5517D81B2402F34100053260 /* Products */ = {
			isa = PBXGroup;
			children = (
				5517D81A2402F34100053260 /* MVVM.app */,
				5517D8302402F34400053260 /* MVVMTests.xctest */,
			);
			name = Products;
			sourceTree = "<group>";
		};
		5517D81C2402F34100053260 /* MVVM */ = {
			isa = PBXGroup;
			children = (
				55BFD5D9240324B700D9235A /* Commons */,
				55BFD5D2240324B700D9235A /* Data */,
				55BFD5B2240324B600D9235A /* Domain */,
				55BFD5BC240324B700D9235A /* Presentation */,
				5517D81D2402F34100053260 /* AppDelegate.swift */,
				5517D8262402F34300053260 /* Assets.xcassets */,
				5517D8282402F34300053260 /* LaunchScreen.storyboard */,
				5517D82B2402F34300053260 /* Info.plist */,
			);
			path = MVVM;
			sourceTree = "<group>";
		};
		5517D8332402F34400053260 /* MVVMTests */ = {
			isa = PBXGroup;
			children = (
				5517D8342402F34400053260 /* MVVMTests.swift */,
				5517D8362402F34400053260 /* Info.plist */,
				55B2BBA32410463000AFC301 /* ForcesListViewModelTest.swift */,
			);
			path = MVVMTests;
			sourceTree = "<group>";
		};
		5565CF62241CD4C9002763CF /* HomeScene */ = {
			isa = PBXGroup;
			children = (
				559C3A9A240A68D6006DB5B5 /* HomeView */,
			);
			path = HomeScene;
			sourceTree = "<group>";
		};
		5565CF63241CD5EB002763CF /* ForcesScene */ = {
			isa = PBXGroup;
			children = (
				55BFD5BD240324B700D9235A /* ForcesDetailView */,
				55BFD5C6240324B700D9235A /* ForcesListView */,
			);
			path = ForcesScene;
			sourceTree = "<group>";
		};
		5565CF66241CD641002763CF /* HomeScene */ = {
			isa = PBXGroup;
			children = (
				559C3A9D240A6979006DB5B5 /* RetrieveHomeUseCase.swift */,
			);
			path = HomeScene;
			sourceTree = "<group>";
		};
		5565CF67241CD65B002763CF /* ForcesScene */ = {
			isa = PBXGroup;
			children = (
				55BFD5B4240324B600D9235A /* RetrieveForcesListUseCase.swift */,
				55BFD5B5240324B600D9235A /* RetrieveForcesDetailUseCase.swift */,
			);
			path = ForcesScene;
			sourceTree = "<group>";
		};
		5565CF68241CD66E002763CF /* HomeScene */ = {
			isa = PBXGroup;
			children = (
				559C3A9F240A69AF006DB5B5 /* HomeEntity.swift */,
			);
			path = HomeScene;
			sourceTree = "<group>";
		};
		5565CF69241CD677002763CF /* ForcesScene */ = {
			isa = PBXGroup;
			children = (
				55BFD5B9240324B600D9235A /* ForcesEntity.swift */,
				55BFD5B7240324B600D9235A /* ForcesDetailEngagementEntity.swift */,
				55BFD5B8240324B600D9235A /* ForcesDetailEntity.swift */,
			);
			path = ForcesScene;
			sourceTree = "<group>";
		};
		5565CF6A241CD692002763CF /* HomeScene */ = {
			isa = PBXGroup;
			children = (
				559C3AA1240A69CF006DB5B5 /* HomeRepositoryProtocol.swift */,
			);
			path = HomeScene;
			sourceTree = "<group>";
		};
		5565CF6B241CD69A002763CF /* ForcesScene */ = {
			isa = PBXGroup;
			children = (
				55BFD5BB240324B700D9235A /* ForcesRepositoryProtocol.swift */,
			);
			path = ForcesScene;
			sourceTree = "<group>";
		};
		5565CF6C241CD6B5002763CF /* HomeScene */ = {
			isa = PBXGroup;
			children = (
				559C3AA3240A69F6006DB5B5 /* Home+Decodable.swift */,
			);
			path = HomeScene;
			sourceTree = "<group>";
		};
		5565CF6D241CD6BC002763CF /* ForcesScene */ = {
			isa = PBXGroup;
			children = (
				55BFD5D4240324B700D9235A /* ForcesDetail+Decodable.swift */,
				55BFD5D5240324B700D9235A /* ForcesDetailEngagementEntity+Decodable.swift */,
				55BFD5D6240324B700D9235A /* ForcesList+Decodable.swift */,
			);
			path = ForcesScene;
			sourceTree = "<group>";
		};
		5565CF6E241CD6CB002763CF /* HomeScene */ = {
			isa = PBXGroup;
			children = (
				559C3AA5240A6A07006DB5B5 /* HomeRepository.swift */,
			);
			path = HomeScene;
			sourceTree = "<group>";
		};
		5565CF6F241CD6D3002763CF /* ForcesScene */ = {
			isa = PBXGroup;
			children = (
				55BFD5D8240324B700D9235A /* ForcesRepository.swift */,
			);
			path = ForcesScene;
			sourceTree = "<group>";
		};
		5565CF70241CD6E5002763CF /* HomeScene */ = {
			isa = PBXGroup;
			children = (
				559C3AA8240A6AFF006DB5B5 /* HomeLocalData.json */,
			);
			path = HomeScene;
			sourceTree = "<group>";
		};
		5565CF71241CD7F2002763CF /* BeersScene */ = {
			isa = PBXGroup;
			children = (
				5565CF73241CD80C002763CF /* BeersDetail */,
				5565CF72241CD7FD002763CF /* BeersList */,
			);
			path = BeersScene;
			sourceTree = "<group>";
		};
		5565CF72241CD7FD002763CF /* BeersList */ = {
			isa = PBXGroup;
			children = (
				5565CF84241CF5BC002763CF /* Model */,
				5565CF85241CF5C6002763CF /* View */,
				5565CF83241CF5B3002763CF /* ViewModel */,
			);
			path = BeersList;
			sourceTree = "<group>";
		};
		5565CF73241CD80C002763CF /* BeersDetail */ = {
			isa = PBXGroup;
			children = (
			);
			path = BeersDetail;
			sourceTree = "<group>";
		};
		5565CF75241CD82F002763CF /* BeersScene */ = {
			isa = PBXGroup;
			children = (
				5565CF8E241CF718002763CF /* RetrieveBeersListUseCase.swift */,
			);
			path = BeersScene;
			sourceTree = "<group>";
		};
		5565CF78241CD84D002763CF /* BeersScene */ = {
			isa = PBXGroup;
			children = (
				5565CF92241D034E002763CF /* BeersEntity.swift */,
			);
			path = BeersScene;
			sourceTree = "<group>";
		};
		5565CF7A241CD862002763CF /* BeersScene */ = {
			isa = PBXGroup;
			children = (
				5565CF8C241CF6BB002763CF /* BeersRepositoryProtocol.swift */,
			);
			path = BeersScene;
			sourceTree = "<group>";
		};
		5565CF7D241CD88B002763CF /* BeersScene */ = {
			isa = PBXGroup;
			children = (
				5565CF90241CF737002763CF /* BeersRepository.swift */,
			);
			path = BeersScene;
			sourceTree = "<group>";
		};
		5565CF80241CD8A6002763CF /* BeersScene */ = {
			isa = PBXGroup;
			children = (
				5565CF94241D0742002763CF /* Beer+Decodable.swift */,
				5565CF96241D0C3D002763CF /* Volume+Decodable.swift */,
				5565CF9A241D0CF8002763CF /* BoilVolume+Decodable.swift */,
				5565CF9C241D11BE002763CF /* Method+Decodable.swift */,
				5565CF9E241D1F98002763CF /* MashTemp+Decodable.swift */,
				5565CFA0241D1FB1002763CF /* Temp+Decodable.swift */,
				5565CFA2241D20DF002763CF /* Fermentation+Decodable.swift */,
				5565CFA4241D225B002763CF /* Ingredients+Decodable.swift */,
				5565CFA6241D2347002763CF /* Hops+Decodable.swift */,
				5565CFA8241D235A002763CF /* Malt+Decodable.swift */,
				5565CFAA241D2485002763CF /* Amount+Decodable.swift */,
			);
			path = BeersScene;
			sourceTree = "<group>";
		};
		5565CF83241CF5B3002763CF /* ViewModel */ = {
			isa = PBXGroup;
			children = (
				5565CF8A241CF661002763CF /* BeersListViewModel.swift */,
			);
			path = ViewModel;
			sourceTree = "<group>";
		};
		5565CF84241CF5BC002763CF /* Model */ = {
			isa = PBXGroup;
			children = (
				5565CF88241CF64D002763CF /* BeersListModel.swift */,
			);
			path = Model;
			sourceTree = "<group>";
		};
		5565CF85241CF5C6002763CF /* View */ = {
			isa = PBXGroup;
			children = (
				55B91847241FDEA2009E86FB /* CollectionView */,
				5565CF86241CF61E002763CF /* BeersListViewController.swift */,
				5565CFB2241E327F002763CF /* BeerListStoryboard.storyboard */,
			);
			path = View;
			sourceTree = "<group>";
		};
		559C3A9A240A68D6006DB5B5 /* HomeView */ = {
			isa = PBXGroup;
			children = (
				559C3AAA240A77DE006DB5B5 /* Model */,
				559C3AAB240A77EC006DB5B5 /* View */,
				559C3AAC240A77F2006DB5B5 /* viewModel */,
			);
			path = HomeView;
			sourceTree = "<group>";
		};
		559C3AA7240A6ABD006DB5B5 /* LocalData */ = {
			isa = PBXGroup;
			children = (
				5565CF70241CD6E5002763CF /* HomeScene */,
			);
			path = LocalData;
			sourceTree = "<group>";
		};
		559C3AAA240A77DE006DB5B5 /* Model */ = {
			isa = PBXGroup;
			children = (
				559C3AAD240A787F006DB5B5 /* HomeModel.swift */,
			);
			path = Model;
			sourceTree = "<group>";
		};
		559C3AAB240A77EC006DB5B5 /* View */ = {
			isa = PBXGroup;
			children = (
				55179161240BB9CC0050E79A /* CollectionView */,
				559C3AB1240A8531006DB5B5 /* HomeStoryboard.storyboard */,
				559C3AB3240A857C006DB5B5 /* HomeViewController.swift */,
			);
			path = View;
			sourceTree = "<group>";
		};
		559C3AAC240A77F2006DB5B5 /* viewModel */ = {
			isa = PBXGroup;
			children = (
				559C3AAF240A788E006DB5B5 /* HomeViewModel.swift */,
			);
			path = viewModel;
			sourceTree = "<group>";
		};
		55B91847241FDEA2009E86FB /* CollectionView */ = {
			isa = PBXGroup;
			children = (
				55B91848241FDECD009E86FB /* BeerCollectionViewCell.swift */,
				55B91849241FDECD009E86FB /* BeerCollectionViewCell.xib */,
				55B9184C24202081009E86FB /* BeersListCollectionViewLayout.swift */,
			);
			path = CollectionView;
			sourceTree = "<group>";
		};
		55BFD5B2240324B600D9235A /* Domain */ = {
			isa = PBXGroup;
			children = (
				55BFD5B3240324B600D9235A /* UseCases */,
				55BFD5B6240324B600D9235A /* Entities */,
				55BFD5BA240324B600D9235A /* Interfaces */,
			);
			path = Domain;
			sourceTree = "<group>";
		};
		55BFD5B3240324B600D9235A /* UseCases */ = {
			isa = PBXGroup;
			children = (
				5565CF75241CD82F002763CF /* BeersScene */,
				5565CF67241CD65B002763CF /* ForcesScene */,
				5565CF66241CD641002763CF /* HomeScene */,
			);
			path = UseCases;
			sourceTree = "<group>";
		};
		55BFD5B6240324B600D9235A /* Entities */ = {
			isa = PBXGroup;
			children = (
				5565CF78241CD84D002763CF /* BeersScene */,
				5565CF69241CD677002763CF /* ForcesScene */,
				5565CF68241CD66E002763CF /* HomeScene */,
			);
			path = Entities;
			sourceTree = "<group>";
		};
		55BFD5BA240324B600D9235A /* Interfaces */ = {
			isa = PBXGroup;
			children = (
				5565CF7A241CD862002763CF /* BeersScene */,
				5565CF6B241CD69A002763CF /* ForcesScene */,
				5565CF6A241CD692002763CF /* HomeScene */,
				5565CFB8241E7FEF002763CF /* ExternalRepositoryProtocol.swift */,
			);
			path = Interfaces;
			sourceTree = "<group>";
		};
		55BFD5BC240324B700D9235A /* Presentation */ = {
			isa = PBXGroup;
			children = (
				5565CF71241CD7F2002763CF /* BeersScene */,
				5565CF63241CD5EB002763CF /* ForcesScene */,
				5565CF62241CD4C9002763CF /* HomeScene */,
			);
			path = Presentation;
			sourceTree = "<group>";
		};
		55BFD5BD240324B700D9235A /* ForcesDetailView */ = {
			isa = PBXGroup;
			children = (
				55BFD5BE240324B700D9235A /* ViewModel */,
				55BFD5C0240324B700D9235A /* Model */,
				55BFD5C3240324B700D9235A /* View */,
			);
			path = ForcesDetailView;
			sourceTree = "<group>";
		};
		55BFD5BE240324B700D9235A /* ViewModel */ = {
			isa = PBXGroup;
			children = (
				55BFD5BF240324B700D9235A /* ForcesDetailViewModel.swift */,
			);
			path = ViewModel;
			sourceTree = "<group>";
		};
		55BFD5C0240324B700D9235A /* Model */ = {
			isa = PBXGroup;
			children = (
				55BFD5C1240324B700D9235A /* ForcesDetailModel.swift */,
				55BFD5C2240324B700D9235A /* ForcesDetailEngagementModel.swift */,
			);
			path = Model;
			sourceTree = "<group>";
		};
		55BFD5C3240324B700D9235A /* View */ = {
			isa = PBXGroup;
			children = (
				55BFD5C4240324B700D9235A /* ForcesDetailViewController.swift */,
				55BFD5C5240324B700D9235A /* ForcesDetailStoryboard.storyboard */,
			);
			path = View;
			sourceTree = "<group>";
		};
		55BFD5C6240324B700D9235A /* ForcesListView */ = {
			isa = PBXGroup;
			children = (
				55BFD5C7240324B700D9235A /* ViewModel */,
				55BFD5C9240324B700D9235A /* Model */,
				55BFD5CB240324B700D9235A /* View */,
			);
			path = ForcesListView;
			sourceTree = "<group>";
		};
		55BFD5C7240324B700D9235A /* ViewModel */ = {
			isa = PBXGroup;
			children = (
				55BFD5C8240324B700D9235A /* ForcesListViewModel.swift */,
			);
			path = ViewModel;
			sourceTree = "<group>";
		};
		55BFD5C9240324B700D9235A /* Model */ = {
			isa = PBXGroup;
			children = (
				55BFD5CA240324B700D9235A /* ForcesListModel.swift */,
			);
			path = Model;
			sourceTree = "<group>";
		};
		55BFD5CB240324B700D9235A /* View */ = {
			isa = PBXGroup;
			children = (
				55BFD5CC240324B700D9235A /* Cells */,
				55BFD5CF240324B700D9235A /* ForcesListViewController.swift */,
				55BFD5D0240324B700D9235A /* Main.storyboard */,
			);
			path = View;
			sourceTree = "<group>";
		};
		55BFD5CC240324B700D9235A /* Cells */ = {
			isa = PBXGroup;
			children = (
				55BFD5CD240324B700D9235A /* ForcesListTableViewCell.swift */,
				55BFD5CE240324B700D9235A /* ForcesListTableViewCell.xib */,
			);
			path = Cells;
			sourceTree = "<group>";
		};
		55BFD5D2240324B700D9235A /* Data */ = {
			isa = PBXGroup;
			children = (
				559C3AA7240A6ABD006DB5B5 /* LocalData */,
				55BFD5D3240324B700D9235A /* Decodables */,
				55BFD5D7240324B700D9235A /* Repositories */,
			);
			path = Data;
			sourceTree = "<group>";
		};
		55BFD5D3240324B700D9235A /* Decodables */ = {
			isa = PBXGroup;
			children = (
				5565CF80241CD8A6002763CF /* BeersScene */,
				5565CF6D241CD6BC002763CF /* ForcesScene */,
				5565CF6C241CD6B5002763CF /* HomeScene */,
			);
			path = Decodables;
			sourceTree = "<group>";
		};
		55BFD5D7240324B700D9235A /* Repositories */ = {
			isa = PBXGroup;
			children = (
				5565CF7D241CD88B002763CF /* BeersScene */,
				5565CF6F241CD6D3002763CF /* ForcesScene */,
				5565CF6E241CD6CB002763CF /* HomeScene */,
				5565CFB6241E7F80002763CF /* ExternalRepository.swift */,
			);
			path = Repositories;
			sourceTree = "<group>";
		};
		55BFD5D9240324B700D9235A /* Commons */ = {
			isa = PBXGroup;
			children = (
				55BFD5DA240324B700D9235A /* Constants.swift */,
				55BFD5DD240324B700D9235A /* APIEndpoints.swift */,
				55BFD5DB240324B700D9235A /* Coordinator */,
				55BFD5DE240324B700D9235A /* ServicesLocator */,
			);
			path = Commons;
			sourceTree = "<group>";
		};
		55BFD5DB240324B700D9235A /* Coordinator */ = {
			isa = PBXGroup;
			children = (
				55BFD5DC240324B700D9235A /* ForcesCoordinator.swift */,
				555301A4240AB09900CF6297 /* HomeCoordinator.swift */,
				5565CFB4241E3583002763CF /* BeersCoordinator.swift */,
			);
			path = Coordinator;
			sourceTree = "<group>";
		};
		55BFD5DE240324B700D9235A /* ServicesLocator */ = {
			isa = PBXGroup;
			children = (
				55179159240BABF10050E79A /* SLHomeContainer.swift */,
				5517915B240BAED50050E79A /* SLForcesContainer.swift */,
				5517915D240BAF8A0050E79A /* SLContainer.swift */,
				5565CFAC241E2C70002763CF /* SLBeersContainer.swift */,
				5565CFB0241E2E01002763CF /* SLBeersBaseContainer.swift */,
				5568EAFB24211CF600CDB79D /* SLExternalContainer.swift */,
			);
			path = ServicesLocator;
			sourceTree = "<group>";
		};
/* End PBXGroup section */

/* Begin PBXNativeTarget section */
		5517D8192402F34100053260 /* MVVM */ = {
			isa = PBXNativeTarget;
			buildConfigurationList = 5517D8392402F34400053260 /* Build configuration list for PBXNativeTarget "MVVM" */;
			buildPhases = (
				5517D8162402F34100053260 /* Sources */,
				5517D8172402F34100053260 /* Frameworks */,
				5517D8182402F34100053260 /* Resources */,
			);
			buildRules = (
			);
			dependencies = (
			);
			name = MVVM;
			packageProductDependencies = (
				55B2BBA124103C5D00AFC301 /* SKRools */,
			);
			productName = MVVM;
			productReference = 5517D81A2402F34100053260 /* MVVM.app */;
			productType = "com.apple.product-type.application";
		};
		5517D82F2402F34400053260 /* MVVMTests */ = {
			isa = PBXNativeTarget;
			buildConfigurationList = 5517D83C2402F34400053260 /* Build configuration list for PBXNativeTarget "MVVMTests" */;
			buildPhases = (
				5517D82C2402F34400053260 /* Sources */,
				5517D82D2402F34400053260 /* Frameworks */,
				5517D82E2402F34400053260 /* Resources */,
			);
			buildRules = (
			);
			dependencies = (
				5517D8322402F34400053260 /* PBXTargetDependency */,
			);
			name = MVVMTests;
			productName = MVVMTests;
			productReference = 5517D8302402F34400053260 /* MVVMTests.xctest */;
			productType = "com.apple.product-type.bundle.unit-test";
		};
/* End PBXNativeTarget section */

/* Begin PBXProject section */
		5517D8122402F34100053260 /* Project object */ = {
			isa = PBXProject;
			attributes = {
				LastSwiftUpdateCheck = 1130;
				LastUpgradeCheck = 1130;
				ORGANIZATIONNAME = Cardona.tv;
				TargetAttributes = {
					5517D8192402F34100053260 = {
						CreatedOnToolsVersion = 11.3.1;
					};
					5517D82F2402F34400053260 = {
						CreatedOnToolsVersion = 11.3.1;
						TestTargetID = 5517D8192402F34100053260;
					};
				};
			};
			buildConfigurationList = 5517D8152402F34100053260 /* Build configuration list for PBXProject "MVVM" */;
			compatibilityVersion = "Xcode 9.3";
			developmentRegion = en;
			hasScannedForEncodings = 0;
			knownRegions = (
				en,
				Base,
			);
			mainGroup = 5517D8112402F34100053260;
			packageReferences = (
				55B2BBA024103C5D00AFC301 /* XCRemoteSwiftPackageReference "SKRools" */,
			);
			productRefGroup = 5517D81B2402F34100053260 /* Products */;
			projectDirPath = "";
			projectRoot = "";
			targets = (
				5517D8192402F34100053260 /* MVVM */,
				5517D82F2402F34400053260 /* MVVMTests */,
			);
		};
/* End PBXProject section */

/* Begin PBXResourcesBuildPhase section */
		5517D8182402F34100053260 /* Resources */ = {
			isa = PBXResourcesBuildPhase;
			buildActionMask = 2147483647;
			files = (
				559C3AA9240A6B09006DB5B5 /* HomeLocalData.json in Resources */,
				55BFD62824041BC300D9235A /* ForcesDetailStoryboard.storyboard in Resources */,
				55BFD62724041B9200D9235A /* ForcesListTableViewCell.xib in Resources */,
				55179169240BBCF10050E79A /* HomeCollectionViewCell.xib in Resources */,
				5565CFB3241E327F002763CF /* BeerListStoryboard.storyboard in Resources */,
				55BFD62624041B8700D9235A /* Main.storyboard in Resources */,
				55B9184B241FDECD009E86FB /* BeerCollectionViewCell.xib in Resources */,
				559C3AB2240A8531006DB5B5 /* HomeStoryboard.storyboard in Resources */,
				5517D82A2402F34300053260 /* LaunchScreen.storyboard in Resources */,
				5517D8272402F34300053260 /* Assets.xcassets in Resources */,
			);
			runOnlyForDeploymentPostprocessing = 0;
		};
		5517D82E2402F34400053260 /* Resources */ = {
			isa = PBXResourcesBuildPhase;
			buildActionMask = 2147483647;
			files = (
			);
			runOnlyForDeploymentPostprocessing = 0;
		};
/* End PBXResourcesBuildPhase section */

/* Begin PBXSourcesBuildPhase section */
		5517D8162402F34100053260 /* Sources */ = {
			isa = PBXSourcesBuildPhase;
			buildActionMask = 2147483647;
			files = (
				5565CF9F241D1F98002763CF /* MashTemp+Decodable.swift in Sources */,
				559C3AA6240A6A07006DB5B5 /* HomeRepository.swift in Sources */,
				555301A5240AB09900CF6297 /* HomeCoordinator.swift in Sources */,
				5565CFA7241D2347002763CF /* Hops+Decodable.swift in Sources */,
				55BFD5EC240324B700D9235A /* ForcesListViewModel.swift in Sources */,
				5565CF8D241CF6BB002763CF /* BeersRepositoryProtocol.swift in Sources */,
				5517915A240BABF10050E79A /* SLHomeContainer.swift in Sources */,
				5565CFAD241E2C70002763CF /* SLBeersContainer.swift in Sources */,
				5565CF91241CF737002763CF /* BeersRepository.swift in Sources */,
				55BFD5F6240324B700D9235A /* Constants.swift in Sources */,
				559C3AA2240A69CF006DB5B5 /* HomeRepositoryProtocol.swift in Sources */,
				55BFD5E3240324B700D9235A /* ForcesDetailEngagementEntity.swift in Sources */,
				55BFD5F8240324B700D9235A /* APIEndpoints.swift in Sources */,
				5565CF93241D034E002763CF /* BeersEntity.swift in Sources */,
				55BFD5F3240324B700D9235A /* ForcesDetailEngagementEntity+Decodable.swift in Sources */,
				559C3AA0240A69AF006DB5B5 /* HomeEntity.swift in Sources */,
				5517915E240BAF8A0050E79A /* SLContainer.swift in Sources */,
				5565CF87241CF61E002763CF /* BeersListViewController.swift in Sources */,
				5565CFAB241D2485002763CF /* Amount+Decodable.swift in Sources */,
				5517915C240BAED50050E79A /* SLForcesContainer.swift in Sources */,
				55BFD5E2240324B700D9235A /* RetrieveForcesDetailUseCase.swift in Sources */,
				55BFD5F0240324B700D9235A /* ForcesListViewController.swift in Sources */,
				55BFD5F7240324B700D9235A /* ForcesCoordinator.swift in Sources */,
				55BFD5E8240324B700D9235A /* ForcesDetailModel.swift in Sources */,
				5565CFA3241D20DF002763CF /* Fermentation+Decodable.swift in Sources */,
				55BFD5F2240324B700D9235A /* ForcesDetail+Decodable.swift in Sources */,
				5517D81E2402F34100053260 /* AppDelegate.swift in Sources */,
				55BFD5F4240324B700D9235A /* ForcesList+Decodable.swift in Sources */,
				5565CFA1241D1FB1002763CF /* Temp+Decodable.swift in Sources */,
				5565CF8B241CF661002763CF /* BeersListViewModel.swift in Sources */,
				559C3A9E240A6979006DB5B5 /* RetrieveHomeUseCase.swift in Sources */,
				5565CFB5241E3583002763CF /* BeersCoordinator.swift in Sources */,
				55B9184A241FDECD009E86FB /* BeerCollectionViewCell.swift in Sources */,
				55BFD5EA240324B700D9235A /* ForcesDetailViewController.swift in Sources */,
				559C3AA4240A69F6006DB5B5 /* Home+Decodable.swift in Sources */,
				5565CF95241D0742002763CF /* Beer+Decodable.swift in Sources */,
				55BFD5F5240324B700D9235A /* ForcesRepository.swift in Sources */,
				55179168240BBCF10050E79A /* HomeCollectionViewCell.swift in Sources */,
				559C3AB4240A857C006DB5B5 /* HomeViewController.swift in Sources */,
				5568EAFC24211CF600CDB79D /* SLExternalContainer.swift in Sources */,
				5565CFB9241E7FEF002763CF /* ExternalRepositoryProtocol.swift in Sources */,
				55BFD5ED240324B700D9235A /* ForcesListModel.swift in Sources */,
				5565CF89241CF64D002763CF /* BeersListModel.swift in Sources */,
				5565CFB1241E2E01002763CF /* SLBeersBaseContainer.swift in Sources */,
				55BFD5E5240324B700D9235A /* ForcesEntity.swift in Sources */,
				55179163240BB9E70050E79A /* HomeCollectionViewLayout.swift in Sources */,
				559C3AAE240A787F006DB5B5 /* HomeModel.swift in Sources */,
				5565CF9D241D11BE002763CF /* Method+Decodable.swift in Sources */,
				55BFD5EE240324B700D9235A /* ForcesListTableViewCell.swift in Sources */,
				5565CF8F241CF718002763CF /* RetrieveBeersListUseCase.swift in Sources */,
				55BFD5E6240324B700D9235A /* ForcesRepositoryProtocol.swift in Sources */,
				55BFD5E4240324B700D9235A /* ForcesDetailEntity.swift in Sources */,
				55BFD5E1240324B700D9235A /* RetrieveForcesListUseCase.swift in Sources */,
				5565CFA5241D225B002763CF /* Ingredients+Decodable.swift in Sources */,
				55B9184D24202081009E86FB /* BeersListCollectionViewLayout.swift in Sources */,
				55BFD5E7240324B700D9235A /* ForcesDetailViewModel.swift in Sources */,
				5565CF97241D0C3D002763CF /* Volume+Decodable.swift in Sources */,
				55BFD5E9240324B700D9235A /* ForcesDetailEngagementModel.swift in Sources */,
				559C3AB0240A788E006DB5B5 /* HomeViewModel.swift in Sources */,
				5565CFA9241D235A002763CF /* Malt+Decodable.swift in Sources */,
				5565CFB7241E7F80002763CF /* ExternalRepository.swift in Sources */,
				5565CF9B241D0CF8002763CF /* BoilVolume+Decodable.swift in Sources */,
			);
			runOnlyForDeploymentPostprocessing = 0;
		};
		5517D82C2402F34400053260 /* Sources */ = {
			isa = PBXSourcesBuildPhase;
			buildActionMask = 2147483647;
			files = (
				55B2BBA42410463000AFC301 /* ForcesListViewModelTest.swift in Sources */,
				5517D8352402F34400053260 /* MVVMTests.swift in Sources */,
			);
			runOnlyForDeploymentPostprocessing = 0;
		};
/* End PBXSourcesBuildPhase section */

/* Begin PBXTargetDependency section */
		5517D8322402F34400053260 /* PBXTargetDependency */ = {
			isa = PBXTargetDependency;
			target = 5517D8192402F34100053260 /* MVVM */;
			targetProxy = 5517D8312402F34400053260 /* PBXContainerItemProxy */;
		};
/* End PBXTargetDependency section */

/* Begin PBXVariantGroup section */
		5517D8282402F34300053260 /* LaunchScreen.storyboard */ = {
			isa = PBXVariantGroup;
			children = (
				5517D8292402F34300053260 /* Base */,
			);
			name = LaunchScreen.storyboard;
			sourceTree = "<group>";
		};
		55BFD5D0240324B700D9235A /* Main.storyboard */ = {
			isa = PBXVariantGroup;
			children = (
				55BFD5D1240324B700D9235A /* Base */,
			);
			name = Main.storyboard;
			sourceTree = "<group>";
		};
/* End PBXVariantGroup section */

/* Begin XCBuildConfiguration section */
		5517D8372402F34400053260 /* Debug */ = {
			isa = XCBuildConfiguration;
			buildSettings = {
				ALWAYS_SEARCH_USER_PATHS = NO;
				CLANG_ANALYZER_NONNULL = YES;
				CLANG_ANALYZER_NUMBER_OBJECT_CONVERSION = YES_AGGRESSIVE;
				CLANG_CXX_LANGUAGE_STANDARD = "gnu++14";
				CLANG_CXX_LIBRARY = "libc++";
				CLANG_ENABLE_MODULES = YES;
				CLANG_ENABLE_OBJC_ARC = YES;
				CLANG_ENABLE_OBJC_WEAK = YES;
				CLANG_WARN_BLOCK_CAPTURE_AUTORELEASING = YES;
				CLANG_WARN_BOOL_CONVERSION = YES;
				CLANG_WARN_COMMA = YES;
				CLANG_WARN_CONSTANT_CONVERSION = YES;
				CLANG_WARN_DEPRECATED_OBJC_IMPLEMENTATIONS = YES;
				CLANG_WARN_DIRECT_OBJC_ISA_USAGE = YES_ERROR;
				CLANG_WARN_DOCUMENTATION_COMMENTS = YES;
				CLANG_WARN_EMPTY_BODY = YES;
				CLANG_WARN_ENUM_CONVERSION = YES;
				CLANG_WARN_INFINITE_RECURSION = YES;
				CLANG_WARN_INT_CONVERSION = YES;
				CLANG_WARN_NON_LITERAL_NULL_CONVERSION = YES;
				CLANG_WARN_OBJC_IMPLICIT_RETAIN_SELF = YES;
				CLANG_WARN_OBJC_LITERAL_CONVERSION = YES;
				CLANG_WARN_OBJC_ROOT_CLASS = YES_ERROR;
				CLANG_WARN_RANGE_LOOP_ANALYSIS = YES;
				CLANG_WARN_STRICT_PROTOTYPES = YES;
				CLANG_WARN_SUSPICIOUS_MOVE = YES;
				CLANG_WARN_UNGUARDED_AVAILABILITY = YES_AGGRESSIVE;
				CLANG_WARN_UNREACHABLE_CODE = YES;
				CLANG_WARN__DUPLICATE_METHOD_MATCH = YES;
				COPY_PHASE_STRIP = NO;
				DEBUG_INFORMATION_FORMAT = dwarf;
				ENABLE_STRICT_OBJC_MSGSEND = YES;
				ENABLE_TESTABILITY = YES;
				GCC_C_LANGUAGE_STANDARD = gnu11;
				GCC_DYNAMIC_NO_PIC = NO;
				GCC_NO_COMMON_BLOCKS = YES;
				GCC_OPTIMIZATION_LEVEL = 0;
				GCC_PREPROCESSOR_DEFINITIONS = (
					"DEBUG=1",
					"$(inherited)",
				);
				GCC_WARN_64_TO_32_BIT_CONVERSION = YES;
				GCC_WARN_ABOUT_RETURN_TYPE = YES_ERROR;
				GCC_WARN_UNDECLARED_SELECTOR = YES;
				GCC_WARN_UNINITIALIZED_AUTOS = YES_AGGRESSIVE;
				GCC_WARN_UNUSED_FUNCTION = YES;
				GCC_WARN_UNUSED_VARIABLE = YES;
				IPHONEOS_DEPLOYMENT_TARGET = 13.2;
				MTL_ENABLE_DEBUG_INFO = INCLUDE_SOURCE;
				MTL_FAST_MATH = YES;
				ONLY_ACTIVE_ARCH = YES;
				SDKROOT = iphoneos;
				SWIFT_ACTIVE_COMPILATION_CONDITIONS = DEBUG;
				SWIFT_OPTIMIZATION_LEVEL = "-Onone";
			};
			name = Debug;
		};
		5517D8382402F34400053260 /* Release */ = {
			isa = XCBuildConfiguration;
			buildSettings = {
				ALWAYS_SEARCH_USER_PATHS = NO;
				CLANG_ANALYZER_NONNULL = YES;
				CLANG_ANALYZER_NUMBER_OBJECT_CONVERSION = YES_AGGRESSIVE;
				CLANG_CXX_LANGUAGE_STANDARD = "gnu++14";
				CLANG_CXX_LIBRARY = "libc++";
				CLANG_ENABLE_MODULES = YES;
				CLANG_ENABLE_OBJC_ARC = YES;
				CLANG_ENABLE_OBJC_WEAK = YES;
				CLANG_WARN_BLOCK_CAPTURE_AUTORELEASING = YES;
				CLANG_WARN_BOOL_CONVERSION = YES;
				CLANG_WARN_COMMA = YES;
				CLANG_WARN_CONSTANT_CONVERSION = YES;
				CLANG_WARN_DEPRECATED_OBJC_IMPLEMENTATIONS = YES;
				CLANG_WARN_DIRECT_OBJC_ISA_USAGE = YES_ERROR;
				CLANG_WARN_DOCUMENTATION_COMMENTS = YES;
				CLANG_WARN_EMPTY_BODY = YES;
				CLANG_WARN_ENUM_CONVERSION = YES;
				CLANG_WARN_INFINITE_RECURSION = YES;
				CLANG_WARN_INT_CONVERSION = YES;
				CLANG_WARN_NON_LITERAL_NULL_CONVERSION = YES;
				CLANG_WARN_OBJC_IMPLICIT_RETAIN_SELF = YES;
				CLANG_WARN_OBJC_LITERAL_CONVERSION = YES;
				CLANG_WARN_OBJC_ROOT_CLASS = YES_ERROR;
				CLANG_WARN_RANGE_LOOP_ANALYSIS = YES;
				CLANG_WARN_STRICT_PROTOTYPES = YES;
				CLANG_WARN_SUSPICIOUS_MOVE = YES;
				CLANG_WARN_UNGUARDED_AVAILABILITY = YES_AGGRESSIVE;
				CLANG_WARN_UNREACHABLE_CODE = YES;
				CLANG_WARN__DUPLICATE_METHOD_MATCH = YES;
				COPY_PHASE_STRIP = NO;
				DEBUG_INFORMATION_FORMAT = "dwarf-with-dsym";
				ENABLE_NS_ASSERTIONS = NO;
				ENABLE_STRICT_OBJC_MSGSEND = YES;
				GCC_C_LANGUAGE_STANDARD = gnu11;
				GCC_NO_COMMON_BLOCKS = YES;
				GCC_WARN_64_TO_32_BIT_CONVERSION = YES;
				GCC_WARN_ABOUT_RETURN_TYPE = YES_ERROR;
				GCC_WARN_UNDECLARED_SELECTOR = YES;
				GCC_WARN_UNINITIALIZED_AUTOS = YES_AGGRESSIVE;
				GCC_WARN_UNUSED_FUNCTION = YES;
				GCC_WARN_UNUSED_VARIABLE = YES;
				IPHONEOS_DEPLOYMENT_TARGET = 13.2;
				MTL_ENABLE_DEBUG_INFO = NO;
				MTL_FAST_MATH = YES;
				SDKROOT = iphoneos;
				SWIFT_COMPILATION_MODE = wholemodule;
				SWIFT_OPTIMIZATION_LEVEL = "-O";
				VALIDATE_PRODUCT = YES;
			};
			name = Release;
		};
		5517D83A2402F34400053260 /* Debug */ = {
			isa = XCBuildConfiguration;
			buildSettings = {
				ASSETCATALOG_COMPILER_APPICON_NAME = AppIcon;
				CODE_SIGN_STYLE = Automatic;
				DEVELOPMENT_TEAM = YKK8JZ62EV;
				INFOPLIST_FILE = MVVM/Info.plist;
				IPHONEOS_DEPLOYMENT_TARGET = 10.0;
				LD_RUNPATH_SEARCH_PATHS = (
					"$(inherited)",
					"@executable_path/Frameworks",
				);
				PRODUCT_BUNDLE_IDENTIFIER = tv.cardona.MVVM;
				PRODUCT_NAME = "$(TARGET_NAME)";
				SWIFT_VERSION = 5.0;
				TARGETED_DEVICE_FAMILY = 1;
			};
			name = Debug;
		};
		5517D83B2402F34400053260 /* Release */ = {
			isa = XCBuildConfiguration;
			buildSettings = {
				ASSETCATALOG_COMPILER_APPICON_NAME = AppIcon;
				CODE_SIGN_STYLE = Automatic;
				DEVELOPMENT_TEAM = YKK8JZ62EV;
				INFOPLIST_FILE = MVVM/Info.plist;
				IPHONEOS_DEPLOYMENT_TARGET = 10.0;
				LD_RUNPATH_SEARCH_PATHS = (
					"$(inherited)",
					"@executable_path/Frameworks",
				);
				PRODUCT_BUNDLE_IDENTIFIER = tv.cardona.MVVM;
				PRODUCT_NAME = "$(TARGET_NAME)";
				SWIFT_VERSION = 5.0;
				TARGETED_DEVICE_FAMILY = 1;
			};
			name = Release;
		};
		5517D83D2402F34400053260 /* Debug */ = {
			isa = XCBuildConfiguration;
			buildSettings = {
				ALWAYS_EMBED_SWIFT_STANDARD_LIBRARIES = YES;
				BUNDLE_LOADER = "$(TEST_HOST)";
				CODE_SIGN_STYLE = Automatic;
				DEVELOPMENT_TEAM = YKK8JZ62EV;
				INFOPLIST_FILE = MVVMTests/Info.plist;
				IPHONEOS_DEPLOYMENT_TARGET = 13.2;
				LD_RUNPATH_SEARCH_PATHS = (
					"$(inherited)",
					"@executable_path/Frameworks",
					"@loader_path/Frameworks",
				);
				PRODUCT_BUNDLE_IDENTIFIER = tv.cardona.MVVMTests;
				PRODUCT_NAME = "$(TARGET_NAME)";
				SWIFT_VERSION = 5.0;
				TARGETED_DEVICE_FAMILY = "1,2";
				TEST_HOST = "$(BUILT_PRODUCTS_DIR)/MVVM.app/MVVM";
			};
			name = Debug;
		};
		5517D83E2402F34400053260 /* Release */ = {
			isa = XCBuildConfiguration;
			buildSettings = {
				ALWAYS_EMBED_SWIFT_STANDARD_LIBRARIES = YES;
				BUNDLE_LOADER = "$(TEST_HOST)";
				CODE_SIGN_STYLE = Automatic;
				DEVELOPMENT_TEAM = YKK8JZ62EV;
				INFOPLIST_FILE = MVVMTests/Info.plist;
				IPHONEOS_DEPLOYMENT_TARGET = 13.2;
				LD_RUNPATH_SEARCH_PATHS = (
					"$(inherited)",
					"@executable_path/Frameworks",
					"@loader_path/Frameworks",
				);
				PRODUCT_BUNDLE_IDENTIFIER = tv.cardona.MVVMTests;
				PRODUCT_NAME = "$(TARGET_NAME)";
				SWIFT_VERSION = 5.0;
				TARGETED_DEVICE_FAMILY = "1,2";
				TEST_HOST = "$(BUILT_PRODUCTS_DIR)/MVVM.app/MVVM";
			};
			name = Release;
		};
/* End XCBuildConfiguration section */

/* Begin XCConfigurationList section */
		5517D8152402F34100053260 /* Build configuration list for PBXProject "MVVM" */ = {
			isa = XCConfigurationList;
			buildConfigurations = (
				5517D8372402F34400053260 /* Debug */,
				5517D8382402F34400053260 /* Release */,
			);
			defaultConfigurationIsVisible = 0;
			defaultConfigurationName = Release;
		};
		5517D8392402F34400053260 /* Build configuration list for PBXNativeTarget "MVVM" */ = {
			isa = XCConfigurationList;
			buildConfigurations = (
				5517D83A2402F34400053260 /* Debug */,
				5517D83B2402F34400053260 /* Release */,
			);
			defaultConfigurationIsVisible = 0;
			defaultConfigurationName = Release;
		};
		5517D83C2402F34400053260 /* Build configuration list for PBXNativeTarget "MVVMTests" */ = {
			isa = XCConfigurationList;
			buildConfigurations = (
				5517D83D2402F34400053260 /* Debug */,
				5517D83E2402F34400053260 /* Release */,
			);
			defaultConfigurationIsVisible = 0;
			defaultConfigurationName = Release;
		};
/* End XCConfigurationList section */

/* Begin XCRemoteSwiftPackageReference section */
		55B2BBA024103C5D00AFC301 /* XCRemoteSwiftPackageReference "SKRools" */ = {
			isa = XCRemoteSwiftPackageReference;
			repositoryURL = "https://github.com/cardona/SKRools.git";
			requirement = {
				branch = develop;
				kind = branch;
			};
		};
/* End XCRemoteSwiftPackageReference section */

/* Begin XCSwiftPackageProductDependency section */
		55B2BBA124103C5D00AFC301 /* SKRools */ = {
			isa = XCSwiftPackageProductDependency;
			package = 55B2BBA024103C5D00AFC301 /* XCRemoteSwiftPackageReference "SKRools" */;
			productName = SKRools;
		};
/* End XCSwiftPackageProductDependency section */
	};
	rootObject = 5517D8122402F34100053260 /* Project object */;
}
